// !$*UTF8*$!
{
	archiveVersion = 1;
	classes = {
	};
	objectVersion = 50;
	objects = {

/* Begin PBXBuildFile section */
		3E0B462167B6E47D7BF04CBC /* Pods_StudyPadTests.framework in Frameworks */ = {isa = PBXBuildFile; fileRef = 85956D0667F2ABEDF965B399 /* Pods_StudyPadTests.framework */; };
		516C8313F41BA8E387C81CEA /* Pods_StudyPad.framework in Frameworks */ = {isa = PBXBuildFile; fileRef = 9159DB616815EE7AD79EE931 /* Pods_StudyPad.framework */; };
		9519714B21EFBAD2003ACFAE /* NotebookViewCell.swift in Sources */ = {isa = PBXBuildFile; fileRef = 9519714921EFBAD2003ACFAE /* NotebookViewCell.swift */; };
		9519714C21EFBAD2003ACFAE /* NotebookViewCell.xib in Resources */ = {isa = PBXBuildFile; fileRef = 9519714A21EFBAD2003ACFAE /* NotebookViewCell.xib */; };
		9530FC4F21EA4B28004DD256 /* AppDelegate.swift in Sources */ = {isa = PBXBuildFile; fileRef = 9530FC4E21EA4B28004DD256 /* AppDelegate.swift */; };
		9530FC5621EA4B2A004DD256 /* Assets.xcassets in Resources */ = {isa = PBXBuildFile; fileRef = 9530FC5521EA4B2A004DD256 /* Assets.xcassets */; };
		9530FC5921EA4B2A004DD256 /* LaunchScreen.storyboard in Resources */ = {isa = PBXBuildFile; fileRef = 9530FC5721EA4B2A004DD256 /* LaunchScreen.storyboard */; };
		9530FC6421EA4B2A004DD256 /* StudyPadTests.swift in Sources */ = {isa = PBXBuildFile; fileRef = 9530FC6321EA4B2A004DD256 /* StudyPadTests.swift */; };
		9530FC6F21EA4B2A004DD256 /* StudyPadUITests.swift in Sources */ = {isa = PBXBuildFile; fileRef = 9530FC6E21EA4B2A004DD256 /* StudyPadUITests.swift */; };
		9530FC8121EA52F6004DD256 /* Notebook.swift in Sources */ = {isa = PBXBuildFile; fileRef = 9530FC8021EA52F6004DD256 /* Notebook.swift */; };
		9530FC8421EA5869004DD256 /* AppCoordinator.swift in Sources */ = {isa = PBXBuildFile; fileRef = 9530FC8321EA5869004DD256 /* AppCoordinator.swift */; };
		9530FC8621EA653B004DD256 /* Repositories.swift in Sources */ = {isa = PBXBuildFile; fileRef = 9530FC8521EA653B004DD256 /* Repositories.swift */; };
		9530FC8821EA66B1004DD256 /* MockRepository.swift in Sources */ = {isa = PBXBuildFile; fileRef = 9530FC8721EA66B1004DD256 /* MockRepository.swift */; };
		9530FC8A21EA6D83004DD256 /* Note.swift in Sources */ = {isa = PBXBuildFile; fileRef = 9530FC8921EA6D83004DD256 /* Note.swift */; };
		9530FC8C21EA7219004DD256 /* Extenstions.swift in Sources */ = {isa = PBXBuildFile; fileRef = 9530FC8B21EA7219004DD256 /* Extenstions.swift */; };
		9530FC8E21EA7459004DD256 /* DependencyManager.swift in Sources */ = {isa = PBXBuildFile; fileRef = 9530FC8D21EA7459004DD256 /* DependencyManager.swift */; };
		9530FC9221EA8AE4004DD256 /* Coordinator.swift in Sources */ = {isa = PBXBuildFile; fileRef = 9530FC9121EA8AE4004DD256 /* Coordinator.swift */; };
		9530FC9621EA8D2F004DD256 /* BottomNavCoordinator.swift in Sources */ = {isa = PBXBuildFile; fileRef = 9530FC9521EA8D2F004DD256 /* BottomNavCoordinator.swift */; };
		9530FC9821EA9081004DD256 /* NotebooksCoordinator.swift in Sources */ = {isa = PBXBuildFile; fileRef = 9530FC9721EA9081004DD256 /* NotebooksCoordinator.swift */; };
		9530FC9C21EA9311004DD256 /* NotebooksPresenter.swift in Sources */ = {isa = PBXBuildFile; fileRef = 9530FC9B21EA9311004DD256 /* NotebooksPresenter.swift */; };
		9530FCA621EA9BF0004DD256 /* NotebooksViewController.swift in Sources */ = {isa = PBXBuildFile; fileRef = 9530FCA521EA9BF0004DD256 /* NotebooksViewController.swift */; };
		9530FCA821EB4BEA004DD256 /* NotebooksViewController.storyboard in Resources */ = {isa = PBXBuildFile; fileRef = 9530FCA721EB4BEA004DD256 /* NotebooksViewController.storyboard */; };
		955496BA21F6216C0081668F /* Presenter.swift in Sources */ = {isa = PBXBuildFile; fileRef = 955496B921F6216C0081668F /* Presenter.swift */; };
		955496BC21F622290081668F /* BaseView.swift in Sources */ = {isa = PBXBuildFile; fileRef = 955496BB21F622290081668F /* BaseView.swift */; };
		955496BE21F624C00081668F /* NotebooksView.swift in Sources */ = {isa = PBXBuildFile; fileRef = 955496BD21F624C00081668F /* NotebooksView.swift */; };
		955496C221F63E560081668F /* NotesContract.swift in Sources */ = {isa = PBXBuildFile; fileRef = 955496C121F63E560081668F /* NotesContract.swift */; };
		955496C421F63EE30081668F /* NotesCoordinator.swift in Sources */ = {isa = PBXBuildFile; fileRef = 955496C321F63EE30081668F /* NotesCoordinator.swift */; };
		955496C621F63F230081668F /* NotesViewController.storyboard in Resources */ = {isa = PBXBuildFile; fileRef = 955496C521F63F230081668F /* NotesViewController.storyboard */; };
		955496C821F63F520081668F /* NotesViewController.swift in Sources */ = {isa = PBXBuildFile; fileRef = 955496C721F63F520081668F /* NotesViewController.swift */; };
		955496CA21F63FD00081668F /* NotesPresenterImpl.swift in Sources */ = {isa = PBXBuildFile; fileRef = 955496C921F63FD00081668F /* NotesPresenterImpl.swift */; };
		955496CE21F651010081668F /* NoteViewCell.swift in Sources */ = {isa = PBXBuildFile; fileRef = 955496CC21F651010081668F /* NoteViewCell.swift */; };
		955496CF21F651010081668F /* NoteViewCell.xib in Resources */ = {isa = PBXBuildFile; fileRef = 955496CD21F651010081668F /* NoteViewCell.xib */; };
		955496D221F65FCC0081668F /* LoginViewController.storyboard in Resources */ = {isa = PBXBuildFile; fileRef = 955496D121F65FCC0081668F /* LoginViewController.storyboard */; };
		955496D421F660C90081668F /* LoginViewController.swift in Sources */ = {isa = PBXBuildFile; fileRef = 955496D321F660C90081668F /* LoginViewController.swift */; };
		955496D621F710860081668F /* UserManager.swift in Sources */ = {isa = PBXBuildFile; fileRef = 955496D521F710860081668F /* UserManager.swift */; };
		955496D821F712260081668F /* LoginCoordinator.swift in Sources */ = {isa = PBXBuildFile; fileRef = 955496D721F712260081668F /* LoginCoordinator.swift */; };
		BC41889BA65B8B5D23110F55 /* Pods_StudyPadUITests.framework in Frameworks */ = {isa = PBXBuildFile; fileRef = EA30EBDCB9DB0851AC6A1448 /* Pods_StudyPadUITests.framework */; };
/* End PBXBuildFile section */

/* Begin PBXContainerItemProxy section */
		9530FC6021EA4B2A004DD256 /* PBXContainerItemProxy */ = {
			isa = PBXContainerItemProxy;
			containerPortal = 9530FC4321EA4B27004DD256 /* Project object */;
			proxyType = 1;
			remoteGlobalIDString = 9530FC4A21EA4B27004DD256;
			remoteInfo = StudyPad;
		};
		9530FC6B21EA4B2A004DD256 /* PBXContainerItemProxy */ = {
			isa = PBXContainerItemProxy;
			containerPortal = 9530FC4321EA4B27004DD256 /* Project object */;
			proxyType = 1;
			remoteGlobalIDString = 9530FC4A21EA4B27004DD256;
			remoteInfo = StudyPad;
		};
/* End PBXContainerItemProxy section */

/* Begin PBXFileReference section */
		3B9298F618126F63FE3D7F5C /* Pods-StudyPadTests.release.xcconfig */ = {isa = PBXFileReference; includeInIndex = 1; lastKnownFileType = text.xcconfig; name = "Pods-StudyPadTests.release.xcconfig"; path = "Pods/Target Support Files/Pods-StudyPadTests/Pods-StudyPadTests.release.xcconfig"; sourceTree = "<group>"; };
		6506F9A755856C6FF723BAC0 /* Pods-StudyPadUITests.release.xcconfig */ = {isa = PBXFileReference; includeInIndex = 1; lastKnownFileType = text.xcconfig; name = "Pods-StudyPadUITests.release.xcconfig"; path = "Pods/Target Support Files/Pods-StudyPadUITests/Pods-StudyPadUITests.release.xcconfig"; sourceTree = "<group>"; };
		653AD19DEC121055073B4977 /* Pods-StudyPad.debug.xcconfig */ = {isa = PBXFileReference; includeInIndex = 1; lastKnownFileType = text.xcconfig; name = "Pods-StudyPad.debug.xcconfig"; path = "Pods/Target Support Files/Pods-StudyPad/Pods-StudyPad.debug.xcconfig"; sourceTree = "<group>"; };
		799C94F403BBE22D5C838C54 /* Pods-StudyPadTests.debug.xcconfig */ = {isa = PBXFileReference; includeInIndex = 1; lastKnownFileType = text.xcconfig; name = "Pods-StudyPadTests.debug.xcconfig"; path = "Pods/Target Support Files/Pods-StudyPadTests/Pods-StudyPadTests.debug.xcconfig"; sourceTree = "<group>"; };
		85956D0667F2ABEDF965B399 /* Pods_StudyPadTests.framework */ = {isa = PBXFileReference; explicitFileType = wrapper.framework; includeInIndex = 0; path = Pods_StudyPadTests.framework; sourceTree = BUILT_PRODUCTS_DIR; };
		9159DB616815EE7AD79EE931 /* Pods_StudyPad.framework */ = {isa = PBXFileReference; explicitFileType = wrapper.framework; includeInIndex = 0; path = Pods_StudyPad.framework; sourceTree = BUILT_PRODUCTS_DIR; };
		94CC7A680369EB0E4C4F79FE /* Pods-StudyPad.release.xcconfig */ = {isa = PBXFileReference; includeInIndex = 1; lastKnownFileType = text.xcconfig; name = "Pods-StudyPad.release.xcconfig"; path = "Pods/Target Support Files/Pods-StudyPad/Pods-StudyPad.release.xcconfig"; sourceTree = "<group>"; };
		9519714921EFBAD2003ACFAE /* NotebookViewCell.swift */ = {isa = PBXFileReference; lastKnownFileType = sourcecode.swift; path = NotebookViewCell.swift; sourceTree = "<group>"; };
		9519714A21EFBAD2003ACFAE /* NotebookViewCell.xib */ = {isa = PBXFileReference; lastKnownFileType = file.xib; path = NotebookViewCell.xib; sourceTree = "<group>"; };
		9530FC4B21EA4B27004DD256 /* StudyPad.app */ = {isa = PBXFileReference; explicitFileType = wrapper.application; includeInIndex = 0; path = StudyPad.app; sourceTree = BUILT_PRODUCTS_DIR; };
		9530FC4E21EA4B28004DD256 /* AppDelegate.swift */ = {isa = PBXFileReference; lastKnownFileType = sourcecode.swift; path = AppDelegate.swift; sourceTree = "<group>"; };
		9530FC5521EA4B2A004DD256 /* Assets.xcassets */ = {isa = PBXFileReference; lastKnownFileType = folder.assetcatalog; path = Assets.xcassets; sourceTree = "<group>"; };
		9530FC5821EA4B2A004DD256 /* Base */ = {isa = PBXFileReference; lastKnownFileType = file.storyboard; name = Base; path = Base.lproj/LaunchScreen.storyboard; sourceTree = "<group>"; };
		9530FC5A21EA4B2A004DD256 /* Info.plist */ = {isa = PBXFileReference; lastKnownFileType = text.plist.xml; path = Info.plist; sourceTree = "<group>"; };
		9530FC5F21EA4B2A004DD256 /* StudyPadTests.xctest */ = {isa = PBXFileReference; explicitFileType = wrapper.cfbundle; includeInIndex = 0; path = StudyPadTests.xctest; sourceTree = BUILT_PRODUCTS_DIR; };
		9530FC6321EA4B2A004DD256 /* StudyPadTests.swift */ = {isa = PBXFileReference; lastKnownFileType = sourcecode.swift; path = StudyPadTests.swift; sourceTree = "<group>"; };
		9530FC6521EA4B2A004DD256 /* Info.plist */ = {isa = PBXFileReference; lastKnownFileType = text.plist.xml; path = Info.plist; sourceTree = "<group>"; };
		9530FC6A21EA4B2A004DD256 /* StudyPadUITests.xctest */ = {isa = PBXFileReference; explicitFileType = wrapper.cfbundle; includeInIndex = 0; path = StudyPadUITests.xctest; sourceTree = BUILT_PRODUCTS_DIR; };
		9530FC6E21EA4B2A004DD256 /* StudyPadUITests.swift */ = {isa = PBXFileReference; lastKnownFileType = sourcecode.swift; path = StudyPadUITests.swift; sourceTree = "<group>"; };
		9530FC7021EA4B2A004DD256 /* Info.plist */ = {isa = PBXFileReference; lastKnownFileType = text.plist.xml; path = Info.plist; sourceTree = "<group>"; };
		9530FC8021EA52F6004DD256 /* Notebook.swift */ = {isa = PBXFileReference; lastKnownFileType = sourcecode.swift; path = Notebook.swift; sourceTree = "<group>"; };
		9530FC8321EA5869004DD256 /* AppCoordinator.swift */ = {isa = PBXFileReference; lastKnownFileType = sourcecode.swift; path = AppCoordinator.swift; sourceTree = "<group>"; };
		9530FC8521EA653B004DD256 /* Repositories.swift */ = {isa = PBXFileReference; lastKnownFileType = sourcecode.swift; path = Repositories.swift; sourceTree = "<group>"; };
		9530FC8721EA66B1004DD256 /* MockRepository.swift */ = {isa = PBXFileReference; lastKnownFileType = sourcecode.swift; path = MockRepository.swift; sourceTree = "<group>"; };
		9530FC8921EA6D83004DD256 /* Note.swift */ = {isa = PBXFileReference; lastKnownFileType = sourcecode.swift; path = Note.swift; sourceTree = "<group>"; };
		9530FC8B21EA7219004DD256 /* Extenstions.swift */ = {isa = PBXFileReference; lastKnownFileType = sourcecode.swift; path = Extenstions.swift; sourceTree = "<group>"; };
		9530FC8D21EA7459004DD256 /* DependencyManager.swift */ = {isa = PBXFileReference; lastKnownFileType = sourcecode.swift; path = DependencyManager.swift; sourceTree = "<group>"; };
		9530FC9121EA8AE4004DD256 /* Coordinator.swift */ = {isa = PBXFileReference; lastKnownFileType = sourcecode.swift; path = Coordinator.swift; sourceTree = "<group>"; };
		9530FC9521EA8D2F004DD256 /* BottomNavCoordinator.swift */ = {isa = PBXFileReference; lastKnownFileType = sourcecode.swift; path = BottomNavCoordinator.swift; sourceTree = "<group>"; };
		9530FC9721EA9081004DD256 /* NotebooksCoordinator.swift */ = {isa = PBXFileReference; lastKnownFileType = sourcecode.swift; path = NotebooksCoordinator.swift; sourceTree = "<group>"; };
		9530FC9B21EA9311004DD256 /* NotebooksPresenter.swift */ = {isa = PBXFileReference; lastKnownFileType = sourcecode.swift; path = NotebooksPresenter.swift; sourceTree = "<group>"; };
		9530FCA521EA9BF0004DD256 /* NotebooksViewController.swift */ = {isa = PBXFileReference; lastKnownFileType = sourcecode.swift; path = NotebooksViewController.swift; sourceTree = "<group>"; };
		9530FCA721EB4BEA004DD256 /* NotebooksViewController.storyboard */ = {isa = PBXFileReference; lastKnownFileType = file.storyboard; path = NotebooksViewController.storyboard; sourceTree = "<group>"; };
		955496B921F6216C0081668F /* Presenter.swift */ = {isa = PBXFileReference; lastKnownFileType = sourcecode.swift; path = Presenter.swift; sourceTree = "<group>"; };
		955496BB21F622290081668F /* BaseView.swift */ = {isa = PBXFileReference; lastKnownFileType = sourcecode.swift; path = BaseView.swift; sourceTree = "<group>"; };
		955496BD21F624C00081668F /* NotebooksView.swift */ = {isa = PBXFileReference; lastKnownFileType = sourcecode.swift; path = NotebooksView.swift; sourceTree = "<group>"; };
		955496C121F63E560081668F /* NotesContract.swift */ = {isa = PBXFileReference; lastKnownFileType = sourcecode.swift; path = NotesContract.swift; sourceTree = "<group>"; };
		955496C321F63EE30081668F /* NotesCoordinator.swift */ = {isa = PBXFileReference; lastKnownFileType = sourcecode.swift; path = NotesCoordinator.swift; sourceTree = "<group>"; };
		955496C521F63F230081668F /* NotesViewController.storyboard */ = {isa = PBXFileReference; lastKnownFileType = file.storyboard; path = NotesViewController.storyboard; sourceTree = "<group>"; };
		955496C721F63F520081668F /* NotesViewController.swift */ = {isa = PBXFileReference; lastKnownFileType = sourcecode.swift; path = NotesViewController.swift; sourceTree = "<group>"; };
		955496C921F63FD00081668F /* NotesPresenterImpl.swift */ = {isa = PBXFileReference; lastKnownFileType = sourcecode.swift; path = NotesPresenterImpl.swift; sourceTree = "<group>"; };
		955496CC21F651010081668F /* NoteViewCell.swift */ = {isa = PBXFileReference; lastKnownFileType = sourcecode.swift; path = NoteViewCell.swift; sourceTree = "<group>"; };
		955496CD21F651010081668F /* NoteViewCell.xib */ = {isa = PBXFileReference; lastKnownFileType = file.xib; path = NoteViewCell.xib; sourceTree = "<group>"; };
		955496D121F65FCC0081668F /* LoginViewController.storyboard */ = {isa = PBXFileReference; lastKnownFileType = file.storyboard; path = LoginViewController.storyboard; sourceTree = "<group>"; };
		955496D321F660C90081668F /* LoginViewController.swift */ = {isa = PBXFileReference; lastKnownFileType = sourcecode.swift; path = LoginViewController.swift; sourceTree = "<group>"; };
		955496D521F710860081668F /* UserManager.swift */ = {isa = PBXFileReference; lastKnownFileType = sourcecode.swift; path = UserManager.swift; sourceTree = "<group>"; };
		955496D721F712260081668F /* LoginCoordinator.swift */ = {isa = PBXFileReference; lastKnownFileType = sourcecode.swift; path = LoginCoordinator.swift; sourceTree = "<group>"; };
		D478DB767903BAE8302B9A5E /* Pods-StudyPadUITests.debug.xcconfig */ = {isa = PBXFileReference; includeInIndex = 1; lastKnownFileType = text.xcconfig; name = "Pods-StudyPadUITests.debug.xcconfig"; path = "Pods/Target Support Files/Pods-StudyPadUITests/Pods-StudyPadUITests.debug.xcconfig"; sourceTree = "<group>"; };
		EA30EBDCB9DB0851AC6A1448 /* Pods_StudyPadUITests.framework */ = {isa = PBXFileReference; explicitFileType = wrapper.framework; includeInIndex = 0; path = Pods_StudyPadUITests.framework; sourceTree = BUILT_PRODUCTS_DIR; };
/* End PBXFileReference section */

/* Begin PBXFrameworksBuildPhase section */
		9530FC4821EA4B27004DD256 /* Frameworks */ = {
			isa = PBXFrameworksBuildPhase;
			buildActionMask = 2147483647;
			files = (
				516C8313F41BA8E387C81CEA /* Pods_StudyPad.framework in Frameworks */,
			);
			runOnlyForDeploymentPostprocessing = 0;
		};
		9530FC5C21EA4B2A004DD256 /* Frameworks */ = {
			isa = PBXFrameworksBuildPhase;
			buildActionMask = 2147483647;
			files = (
				3E0B462167B6E47D7BF04CBC /* Pods_StudyPadTests.framework in Frameworks */,
			);
			runOnlyForDeploymentPostprocessing = 0;
		};
		9530FC6721EA4B2A004DD256 /* Frameworks */ = {
			isa = PBXFrameworksBuildPhase;
			buildActionMask = 2147483647;
			files = (
				BC41889BA65B8B5D23110F55 /* Pods_StudyPadUITests.framework in Frameworks */,
			);
			runOnlyForDeploymentPostprocessing = 0;
		};
/* End PBXFrameworksBuildPhase section */

/* Begin PBXGroup section */
		9530FC4221EA4B27004DD256 = {
			isa = PBXGroup;
			children = (
				9530FC4D21EA4B27004DD256 /* StudyPad */,
				9530FC6221EA4B2A004DD256 /* StudyPadTests */,
				9530FC6D21EA4B2A004DD256 /* StudyPadUITests */,
				9530FC4C21EA4B27004DD256 /* Products */,
				DB837ECE1BEC15AA62B6E89F /* Pods */,
				F6A9E986C59F859E01566078 /* Frameworks */,
			);
			sourceTree = "<group>";
		};
		9530FC4C21EA4B27004DD256 /* Products */ = {
			isa = PBXGroup;
			children = (
				9530FC4B21EA4B27004DD256 /* StudyPad.app */,
				9530FC5F21EA4B2A004DD256 /* StudyPadTests.xctest */,
				9530FC6A21EA4B2A004DD256 /* StudyPadUITests.xctest */,
			);
			name = Products;
			sourceTree = "<group>";
		};
		9530FC4D21EA4B27004DD256 /* StudyPad */ = {
			isa = PBXGroup;
			children = (
				9530FC9321EA8D01004DD256 /* Scenes */,
				9530FC9021EA8AC9004DD256 /* Shared */,
				9530FC8221EA584C004DD256 /* Classes */,
				9530FC7D21EA50E8004DD256 /* Entities */,
				9530FC5521EA4B2A004DD256 /* Assets.xcassets */,
				9530FC5721EA4B2A004DD256 /* LaunchScreen.storyboard */,
				9530FC5A21EA4B2A004DD256 /* Info.plist */,
				9530FC8B21EA7219004DD256 /* Extenstions.swift */,
			);
			path = StudyPad;
			sourceTree = "<group>";
		};
		9530FC6221EA4B2A004DD256 /* StudyPadTests */ = {
			isa = PBXGroup;
			children = (
				9530FC6321EA4B2A004DD256 /* StudyPadTests.swift */,
				9530FC6521EA4B2A004DD256 /* Info.plist */,
			);
			path = StudyPadTests;
			sourceTree = "<group>";
		};
		9530FC6D21EA4B2A004DD256 /* StudyPadUITests */ = {
			isa = PBXGroup;
			children = (
				9530FC6E21EA4B2A004DD256 /* StudyPadUITests.swift */,
				9530FC7021EA4B2A004DD256 /* Info.plist */,
			);
			path = StudyPadUITests;
			sourceTree = "<group>";
		};
		9530FC7D21EA50E8004DD256 /* Entities */ = {
			isa = PBXGroup;
			children = (
				9530FC8021EA52F6004DD256 /* Notebook.swift */,
				9530FC8921EA6D83004DD256 /* Note.swift */,
			);
			path = Entities;
			sourceTree = "<group>";
		};
		9530FC7F21EA526E004DD256 /* NotebooksList */ = {
			isa = PBXGroup;
			children = (
				955496C021F63E300081668F /* NotesList */,
				959AA69221EBC0D7001B28EF /* Cells */,
				9530FC9721EA9081004DD256 /* NotebooksCoordinator.swift */,
				9530FC9B21EA9311004DD256 /* NotebooksPresenter.swift */,
				9530FCA521EA9BF0004DD256 /* NotebooksViewController.swift */,
				9530FCA721EB4BEA004DD256 /* NotebooksViewController.storyboard */,
				955496BD21F624C00081668F /* NotebooksView.swift */,
			);
			path = NotebooksList;
			sourceTree = "<group>";
		};
		9530FC8221EA584C004DD256 /* Classes */ = {
			isa = PBXGroup;
			children = (
				9530FC4E21EA4B28004DD256 /* AppDelegate.swift */,
				9530FC8321EA5869004DD256 /* AppCoordinator.swift */,
				9530FC8521EA653B004DD256 /* Repositories.swift */,
				9530FC8721EA66B1004DD256 /* MockRepository.swift */,
				9530FC8D21EA7459004DD256 /* DependencyManager.swift */,
				955496D521F710860081668F /* UserManager.swift */,
			);
			path = Classes;
			sourceTree = "<group>";
		};
		9530FC9021EA8AC9004DD256 /* Shared */ = {
			isa = PBXGroup;
			children = (
				9530FC9121EA8AE4004DD256 /* Coordinator.swift */,
				955496B921F6216C0081668F /* Presenter.swift */,
				955496BB21F622290081668F /* BaseView.swift */,
			);
			path = Shared;
			sourceTree = "<group>";
		};
		9530FC9321EA8D01004DD256 /* Scenes */ = {
			isa = PBXGroup;
			children = (
				955496D021F65FAD0081668F /* Onboarding */,
				9530FC9421EA8D10004DD256 /* Main */,
			);
			path = Scenes;
			sourceTree = "<group>";
		};
		9530FC9421EA8D10004DD256 /* Main */ = {
			isa = PBXGroup;
			children = (
				9530FC7F21EA526E004DD256 /* NotebooksList */,
				9530FC9521EA8D2F004DD256 /* BottomNavCoordinator.swift */,
			);
			path = Main;
			sourceTree = "<group>";
		};
		955496C021F63E300081668F /* NotesList */ = {
			isa = PBXGroup;
			children = (
				955496CB21F650D00081668F /* Cells */,
				955496C121F63E560081668F /* NotesContract.swift */,
				955496C321F63EE30081668F /* NotesCoordinator.swift */,
				955496C521F63F230081668F /* NotesViewController.storyboard */,
				955496C721F63F520081668F /* NotesViewController.swift */,
				955496C921F63FD00081668F /* NotesPresenterImpl.swift */,
			);
			path = NotesList;
			sourceTree = "<group>";
		};
		955496CB21F650D00081668F /* Cells */ = {
			isa = PBXGroup;
			children = (
				955496CC21F651010081668F /* NoteViewCell.swift */,
				955496CD21F651010081668F /* NoteViewCell.xib */,
			);
			path = Cells;
			sourceTree = "<group>";
		};
		955496D021F65FAD0081668F /* Onboarding */ = {
			isa = PBXGroup;
			children = (
				955496D121F65FCC0081668F /* LoginViewController.storyboard */,
				955496D321F660C90081668F /* LoginViewController.swift */,
				955496D721F712260081668F /* LoginCoordinator.swift */,
			);
			path = Onboarding;
			sourceTree = "<group>";
		};
		959AA69221EBC0D7001B28EF /* Cells */ = {
			isa = PBXGroup;
			children = (
				9519714921EFBAD2003ACFAE /* NotebookViewCell.swift */,
				9519714A21EFBAD2003ACFAE /* NotebookViewCell.xib */,
			);
			path = Cells;
			sourceTree = "<group>";
		};
		DB837ECE1BEC15AA62B6E89F /* Pods */ = {
			isa = PBXGroup;
			children = (
				653AD19DEC121055073B4977 /* Pods-StudyPad.debug.xcconfig */,
				94CC7A680369EB0E4C4F79FE /* Pods-StudyPad.release.xcconfig */,
				799C94F403BBE22D5C838C54 /* Pods-StudyPadTests.debug.xcconfig */,
				3B9298F618126F63FE3D7F5C /* Pods-StudyPadTests.release.xcconfig */,
				D478DB767903BAE8302B9A5E /* Pods-StudyPadUITests.debug.xcconfig */,
				6506F9A755856C6FF723BAC0 /* Pods-StudyPadUITests.release.xcconfig */,
			);
			name = Pods;
			sourceTree = "<group>";
		};
		F6A9E986C59F859E01566078 /* Frameworks */ = {
			isa = PBXGroup;
			children = (
				9159DB616815EE7AD79EE931 /* Pods_StudyPad.framework */,
				85956D0667F2ABEDF965B399 /* Pods_StudyPadTests.framework */,
				EA30EBDCB9DB0851AC6A1448 /* Pods_StudyPadUITests.framework */,
			);
			name = Frameworks;
			sourceTree = "<group>";
		};
/* End PBXGroup section */

/* Begin PBXNativeTarget section */
		9530FC4A21EA4B27004DD256 /* StudyPad */ = {
			isa = PBXNativeTarget;
			buildConfigurationList = 9530FC7321EA4B2A004DD256 /* Build configuration list for PBXNativeTarget "StudyPad" */;
			buildPhases = (
				65D5133FE95D4F6A416252CE /* [CP] Check Pods Manifest.lock */,
				9530FC4721EA4B27004DD256 /* Sources */,
				9530FC4821EA4B27004DD256 /* Frameworks */,
				9530FC4921EA4B27004DD256 /* Resources */,
				248F86BBD418CED5CA7A19AA /* [CP] Embed Pods Frameworks */,
			);
			buildRules = (
			);
			dependencies = (
			);
			name = StudyPad;
			productName = StudyPad;
			productReference = 9530FC4B21EA4B27004DD256 /* StudyPad.app */;
			productType = "com.apple.product-type.application";
		};
		9530FC5E21EA4B2A004DD256 /* StudyPadTests */ = {
			isa = PBXNativeTarget;
			buildConfigurationList = 9530FC7621EA4B2A004DD256 /* Build configuration list for PBXNativeTarget "StudyPadTests" */;
			buildPhases = (
				D45B4ECE99282DB3CA40423A /* [CP] Check Pods Manifest.lock */,
				9530FC5B21EA4B2A004DD256 /* Sources */,
				9530FC5C21EA4B2A004DD256 /* Frameworks */,
				9530FC5D21EA4B2A004DD256 /* Resources */,
			);
			buildRules = (
			);
			dependencies = (
				9530FC6121EA4B2A004DD256 /* PBXTargetDependency */,
			);
			name = StudyPadTests;
			productName = StudyPadTests;
			productReference = 9530FC5F21EA4B2A004DD256 /* StudyPadTests.xctest */;
			productType = "com.apple.product-type.bundle.unit-test";
		};
		9530FC6921EA4B2A004DD256 /* StudyPadUITests */ = {
			isa = PBXNativeTarget;
			buildConfigurationList = 9530FC7921EA4B2A004DD256 /* Build configuration list for PBXNativeTarget "StudyPadUITests" */;
			buildPhases = (
				E5AD0CC21EED55C4B62FCD21 /* [CP] Check Pods Manifest.lock */,
				9530FC6621EA4B2A004DD256 /* Sources */,
				9530FC6721EA4B2A004DD256 /* Frameworks */,
				9530FC6821EA4B2A004DD256 /* Resources */,
			);
			buildRules = (
			);
			dependencies = (
				9530FC6C21EA4B2A004DD256 /* PBXTargetDependency */,
			);
			name = StudyPadUITests;
			productName = StudyPadUITests;
			productReference = 9530FC6A21EA4B2A004DD256 /* StudyPadUITests.xctest */;
			productType = "com.apple.product-type.bundle.ui-testing";
		};
/* End PBXNativeTarget section */

/* Begin PBXProject section */
		9530FC4321EA4B27004DD256 /* Project object */ = {
			isa = PBXProject;
			attributes = {
				LastSwiftUpdateCheck = 1010;
				LastUpgradeCheck = 1010;
				ORGANIZATIONNAME = "Roman Levinzon";
				TargetAttributes = {
					9530FC4A21EA4B27004DD256 = {
						CreatedOnToolsVersion = 10.1;
					};
					9530FC5E21EA4B2A004DD256 = {
						CreatedOnToolsVersion = 10.1;
						TestTargetID = 9530FC4A21EA4B27004DD256;
					};
					9530FC6921EA4B2A004DD256 = {
						CreatedOnToolsVersion = 10.1;
						TestTargetID = 9530FC4A21EA4B27004DD256;
					};
				};
			};
			buildConfigurationList = 9530FC4621EA4B27004DD256 /* Build configuration list for PBXProject "StudyPad" */;
			compatibilityVersion = "Xcode 9.3";
			developmentRegion = en;
			hasScannedForEncodings = 0;
			knownRegions = (
				en,
				Base,
			);
			mainGroup = 9530FC4221EA4B27004DD256;
			productRefGroup = 9530FC4C21EA4B27004DD256 /* Products */;
			projectDirPath = "";
			projectRoot = "";
			targets = (
				9530FC4A21EA4B27004DD256 /* StudyPad */,
				9530FC5E21EA4B2A004DD256 /* StudyPadTests */,
				9530FC6921EA4B2A004DD256 /* StudyPadUITests */,
			);
		};
/* End PBXProject section */

/* Begin PBXResourcesBuildPhase section */
		9530FC4921EA4B27004DD256 /* Resources */ = {
			isa = PBXResourcesBuildPhase;
			buildActionMask = 2147483647;
			files = (
				955496CF21F651010081668F /* NoteViewCell.xib in Resources */,
				9530FCA821EB4BEA004DD256 /* NotebooksViewController.storyboard in Resources */,
				9519714C21EFBAD2003ACFAE /* NotebookViewCell.xib in Resources */,
				9530FC5921EA4B2A004DD256 /* LaunchScreen.storyboard in Resources */,
				9530FC5621EA4B2A004DD256 /* Assets.xcassets in Resources */,
				955496D221F65FCC0081668F /* LoginViewController.storyboard in Resources */,
				955496C621F63F230081668F /* NotesViewController.storyboard in Resources */,
			);
			runOnlyForDeploymentPostprocessing = 0;
		};
		9530FC5D21EA4B2A004DD256 /* Resources */ = {
			isa = PBXResourcesBuildPhase;
			buildActionMask = 2147483647;
			files = (
			);
			runOnlyForDeploymentPostprocessing = 0;
		};
		9530FC6821EA4B2A004DD256 /* Resources */ = {
			isa = PBXResourcesBuildPhase;
			buildActionMask = 2147483647;
			files = (
			);
			runOnlyForDeploymentPostprocessing = 0;
		};
/* End PBXResourcesBuildPhase section */

/* Begin PBXShellScriptBuildPhase section */
		248F86BBD418CED5CA7A19AA /* [CP] Embed Pods Frameworks */ = {
			isa = PBXShellScriptBuildPhase;
			buildActionMask = 2147483647;
			files = (
			);
			inputPaths = (
				"${SRCROOT}/Pods/Target Support Files/Pods-StudyPad/Pods-StudyPad-frameworks.sh",
				"${BUILT_PRODUCTS_DIR}/Alamofire/Alamofire.framework",
				"${BUILT_PRODUCTS_DIR}/MaterialComponents/MaterialComponents.framework",
				"${BUILT_PRODUCTS_DIR}/Reusable/Reusable.framework",
				"${BUILT_PRODUCTS_DIR}/RxAtomic/RxAtomic.framework",
				"${BUILT_PRODUCTS_DIR}/RxCocoa/RxCocoa.framework",
				"${BUILT_PRODUCTS_DIR}/RxSwift/RxSwift.framework",
			);
			name = "[CP] Embed Pods Frameworks";
			outputPaths = (
				"${TARGET_BUILD_DIR}/${FRAMEWORKS_FOLDER_PATH}/Alamofire.framework",
				"${TARGET_BUILD_DIR}/${FRAMEWORKS_FOLDER_PATH}/MaterialComponents.framework",
				"${TARGET_BUILD_DIR}/${FRAMEWORKS_FOLDER_PATH}/Reusable.framework",
				"${TARGET_BUILD_DIR}/${FRAMEWORKS_FOLDER_PATH}/RxAtomic.framework",
				"${TARGET_BUILD_DIR}/${FRAMEWORKS_FOLDER_PATH}/RxCocoa.framework",
				"${TARGET_BUILD_DIR}/${FRAMEWORKS_FOLDER_PATH}/RxSwift.framework",
			);
			runOnlyForDeploymentPostprocessing = 0;
			shellPath = /bin/sh;
			shellScript = "\"${SRCROOT}/Pods/Target Support Files/Pods-StudyPad/Pods-StudyPad-frameworks.sh\"\n";
			showEnvVarsInLog = 0;
		};
		65D5133FE95D4F6A416252CE /* [CP] Check Pods Manifest.lock */ = {
			isa = PBXShellScriptBuildPhase;
			buildActionMask = 2147483647;
			files = (
			);
			inputPaths = (
				"${PODS_PODFILE_DIR_PATH}/Podfile.lock",
				"${PODS_ROOT}/Manifest.lock",
			);
			name = "[CP] Check Pods Manifest.lock";
			outputPaths = (
				"$(DERIVED_FILE_DIR)/Pods-StudyPad-checkManifestLockResult.txt",
			);
			runOnlyForDeploymentPostprocessing = 0;
			shellPath = /bin/sh;
			shellScript = "diff \"${PODS_PODFILE_DIR_PATH}/Podfile.lock\" \"${PODS_ROOT}/Manifest.lock\" > /dev/null\nif [ $? != 0 ] ; then\n    # print error to STDERR\n    echo \"error: The sandbox is not in sync with the Podfile.lock. Run 'pod install' or update your CocoaPods installation.\" >&2\n    exit 1\nfi\n# This output is used by Xcode 'outputs' to avoid re-running this script phase.\necho \"SUCCESS\" > \"${SCRIPT_OUTPUT_FILE_0}\"\n";
			showEnvVarsInLog = 0;
		};
		D45B4ECE99282DB3CA40423A /* [CP] Check Pods Manifest.lock */ = {
			isa = PBXShellScriptBuildPhase;
			buildActionMask = 2147483647;
			files = (
			);
			inputPaths = (
				"${PODS_PODFILE_DIR_PATH}/Podfile.lock",
				"${PODS_ROOT}/Manifest.lock",
			);
			name = "[CP] Check Pods Manifest.lock";
			outputPaths = (
				"$(DERIVED_FILE_DIR)/Pods-StudyPadTests-checkManifestLockResult.txt",
			);
			runOnlyForDeploymentPostprocessing = 0;
			shellPath = /bin/sh;
			shellScript = "diff \"${PODS_PODFILE_DIR_PATH}/Podfile.lock\" \"${PODS_ROOT}/Manifest.lock\" > /dev/null\nif [ $? != 0 ] ; then\n    # print error to STDERR\n    echo \"error: The sandbox is not in sync with the Podfile.lock. Run 'pod install' or update your CocoaPods installation.\" >&2\n    exit 1\nfi\n# This output is used by Xcode 'outputs' to avoid re-running this script phase.\necho \"SUCCESS\" > \"${SCRIPT_OUTPUT_FILE_0}\"\n";
			showEnvVarsInLog = 0;
		};
		E5AD0CC21EED55C4B62FCD21 /* [CP] Check Pods Manifest.lock */ = {
			isa = PBXShellScriptBuildPhase;
			buildActionMask = 2147483647;
			files = (
			);
			inputPaths = (
				"${PODS_PODFILE_DIR_PATH}/Podfile.lock",
				"${PODS_ROOT}/Manifest.lock",
			);
			name = "[CP] Check Pods Manifest.lock";
			outputPaths = (
				"$(DERIVED_FILE_DIR)/Pods-StudyPadUITests-checkManifestLockResult.txt",
			);
			runOnlyForDeploymentPostprocessing = 0;
			shellPath = /bin/sh;
			shellScript = "diff \"${PODS_PODFILE_DIR_PATH}/Podfile.lock\" \"${PODS_ROOT}/Manifest.lock\" > /dev/null\nif [ $? != 0 ] ; then\n    # print error to STDERR\n    echo \"error: The sandbox is not in sync with the Podfile.lock. Run 'pod install' or update your CocoaPods installation.\" >&2\n    exit 1\nfi\n# This output is used by Xcode 'outputs' to avoid re-running this script phase.\necho \"SUCCESS\" > \"${SCRIPT_OUTPUT_FILE_0}\"\n";
			showEnvVarsInLog = 0;
		};
/* End PBXShellScriptBuildPhase section */

/* Begin PBXSourcesBuildPhase section */
		9530FC4721EA4B27004DD256 /* Sources */ = {
			isa = PBXSourcesBuildPhase;
			buildActionMask = 2147483647;
			files = (
				9530FC8C21EA7219004DD256 /* Extenstions.swift in Sources */,
				9530FC8421EA5869004DD256 /* AppCoordinator.swift in Sources */,
				955496BE21F624C00081668F /* NotebooksView.swift in Sources */,
				955496D421F660C90081668F /* LoginViewController.swift in Sources */,
				9530FC9221EA8AE4004DD256 /* Coordinator.swift in Sources */,
				9530FC8821EA66B1004DD256 /* MockRepository.swift in Sources */,
				955496D621F710860081668F /* UserManager.swift in Sources */,
				9530FC8A21EA6D83004DD256 /* Note.swift in Sources */,
				9530FC9621EA8D2F004DD256 /* BottomNavCoordinator.swift in Sources */,
				9530FC8621EA653B004DD256 /* Repositories.swift in Sources */,
				9530FC9C21EA9311004DD256 /* NotebooksPresenter.swift in Sources */,
				9530FC8121EA52F6004DD256 /* Notebook.swift in Sources */,
				955496BA21F6216C0081668F /* Presenter.swift in Sources */,
				9530FCA621EA9BF0004DD256 /* NotebooksViewController.swift in Sources */,
				9530FC9821EA9081004DD256 /* NotebooksCoordinator.swift in Sources */,
				9519714B21EFBAD2003ACFAE /* NotebookViewCell.swift in Sources */,
				9530FC8E21EA7459004DD256 /* DependencyManager.swift in Sources */,
				955496D821F712260081668F /* LoginCoordinator.swift in Sources */,
				955496C221F63E560081668F /* NotesContract.swift in Sources */,
				955496CE21F651010081668F /* NoteViewCell.swift in Sources */,
				955496C821F63F520081668F /* NotesViewController.swift in Sources */,
				955496C421F63EE30081668F /* NotesCoordinator.swift in Sources */,
				955496CA21F63FD00081668F /* NotesPresenterImpl.swift in Sources */,
				9530FC4F21EA4B28004DD256 /* AppDelegate.swift in Sources */,
				955496BC21F622290081668F /* BaseView.swift in Sources */,
			);
			runOnlyForDeploymentPostprocessing = 0;
		};
		9530FC5B21EA4B2A004DD256 /* Sources */ = {
			isa = PBXSourcesBuildPhase;
			buildActionMask = 2147483647;
			files = (
				9530FC6421EA4B2A004DD256 /* StudyPadTests.swift in Sources */,
			);
			runOnlyForDeploymentPostprocessing = 0;
		};
		9530FC6621EA4B2A004DD256 /* Sources */ = {
			isa = PBXSourcesBuildPhase;
			buildActionMask = 2147483647;
			files = (
				9530FC6F21EA4B2A004DD256 /* StudyPadUITests.swift in Sources */,
			);
			runOnlyForDeploymentPostprocessing = 0;
		};
/* End PBXSourcesBuildPhase section */

/* Begin PBXTargetDependency section */
		9530FC6121EA4B2A004DD256 /* PBXTargetDependency */ = {
			isa = PBXTargetDependency;
			target = 9530FC4A21EA4B27004DD256 /* StudyPad */;
			targetProxy = 9530FC6021EA4B2A004DD256 /* PBXContainerItemProxy */;
		};
		9530FC6C21EA4B2A004DD256 /* PBXTargetDependency */ = {
			isa = PBXTargetDependency;
			target = 9530FC4A21EA4B27004DD256 /* StudyPad */;
			targetProxy = 9530FC6B21EA4B2A004DD256 /* PBXContainerItemProxy */;
		};
/* End PBXTargetDependency section */

/* Begin PBXVariantGroup section */
		9530FC5721EA4B2A004DD256 /* LaunchScreen.storyboard */ = {
			isa = PBXVariantGroup;
			children = (
				9530FC5821EA4B2A004DD256 /* Base */,
			);
			name = LaunchScreen.storyboard;
			sourceTree = "<group>";
		};
/* End PBXVariantGroup section */

/* Begin XCBuildConfiguration section */
		9530FC7121EA4B2A004DD256 /* Debug */ = {
			isa = XCBuildConfiguration;
			buildSettings = {
				ALWAYS_SEARCH_USER_PATHS = NO;
				CLANG_ANALYZER_NONNULL = YES;
				CLANG_ANALYZER_NUMBER_OBJECT_CONVERSION = YES_AGGRESSIVE;
				CLANG_CXX_LANGUAGE_STANDARD = "gnu++14";
				CLANG_CXX_LIBRARY = "libc++";
				CLANG_ENABLE_MODULES = YES;
				CLANG_ENABLE_OBJC_ARC = YES;
				CLANG_ENABLE_OBJC_WEAK = YES;
				CLANG_WARN_BLOCK_CAPTURE_AUTORELEASING = YES;
				CLANG_WARN_BOOL_CONVERSION = YES;
				CLANG_WARN_COMMA = YES;
				CLANG_WARN_CONSTANT_CONVERSION = YES;
				CLANG_WARN_DEPRECATED_OBJC_IMPLEMENTATIONS = YES;
				CLANG_WARN_DIRECT_OBJC_ISA_USAGE = YES_ERROR;
				CLANG_WARN_DOCUMENTATION_COMMENTS = YES;
				CLANG_WARN_EMPTY_BODY = YES;
				CLANG_WARN_ENUM_CONVERSION = YES;
				CLANG_WARN_INFINITE_RECURSION = YES;
				CLANG_WARN_INT_CONVERSION = YES;
				CLANG_WARN_NON_LITERAL_NULL_CONVERSION = YES;
				CLANG_WARN_OBJC_IMPLICIT_RETAIN_SELF = YES;
				CLANG_WARN_OBJC_LITERAL_CONVERSION = YES;
				CLANG_WARN_OBJC_ROOT_CLASS = YES_ERROR;
				CLANG_WARN_RANGE_LOOP_ANALYSIS = YES;
				CLANG_WARN_STRICT_PROTOTYPES = YES;
				CLANG_WARN_SUSPICIOUS_MOVE = YES;
				CLANG_WARN_UNGUARDED_AVAILABILITY = YES_AGGRESSIVE;
				CLANG_WARN_UNREACHABLE_CODE = YES;
				CLANG_WARN__DUPLICATE_METHOD_MATCH = YES;
				CODE_SIGN_IDENTITY = "iPhone Developer";
				COPY_PHASE_STRIP = NO;
				DEBUG_INFORMATION_FORMAT = dwarf;
				ENABLE_STRICT_OBJC_MSGSEND = YES;
				ENABLE_TESTABILITY = YES;
				GCC_C_LANGUAGE_STANDARD = gnu11;
				GCC_DYNAMIC_NO_PIC = NO;
				GCC_NO_COMMON_BLOCKS = YES;
				GCC_OPTIMIZATION_LEVEL = 0;
				GCC_PREPROCESSOR_DEFINITIONS = (
					"DEBUG=1",
					"$(inherited)",
				);
				GCC_WARN_64_TO_32_BIT_CONVERSION = YES;
				GCC_WARN_ABOUT_RETURN_TYPE = YES_ERROR;
				GCC_WARN_UNDECLARED_SELECTOR = YES;
				GCC_WARN_UNINITIALIZED_AUTOS = YES_AGGRESSIVE;
				GCC_WARN_UNUSED_FUNCTION = YES;
				GCC_WARN_UNUSED_VARIABLE = YES;
				IPHONEOS_DEPLOYMENT_TARGET = 12.1;
				MTL_ENABLE_DEBUG_INFO = INCLUDE_SOURCE;
				MTL_FAST_MATH = YES;
				ONLY_ACTIVE_ARCH = YES;
				SDKROOT = iphoneos;
				SWIFT_ACTIVE_COMPILATION_CONDITIONS = DEBUG;
				SWIFT_OPTIMIZATION_LEVEL = "-Onone";
			};
			name = Debug;
		};
		9530FC7221EA4B2A004DD256 /* Release */ = {
			isa = XCBuildConfiguration;
			buildSettings = {
				ALWAYS_SEARCH_USER_PATHS = NO;
				CLANG_ANALYZER_NONNULL = YES;
				CLANG_ANALYZER_NUMBER_OBJECT_CONVERSION = YES_AGGRESSIVE;
				CLANG_CXX_LANGUAGE_STANDARD = "gnu++14";
				CLANG_CXX_LIBRARY = "libc++";
				CLANG_ENABLE_MODULES = YES;
				CLANG_ENABLE_OBJC_ARC = YES;
				CLANG_ENABLE_OBJC_WEAK = YES;
				CLANG_WARN_BLOCK_CAPTURE_AUTORELEASING = YES;
				CLANG_WARN_BOOL_CONVERSION = YES;
				CLANG_WARN_COMMA = YES;
				CLANG_WARN_CONSTANT_CONVERSION = YES;
				CLANG_WARN_DEPRECATED_OBJC_IMPLEMENTATIONS = YES;
				CLANG_WARN_DIRECT_OBJC_ISA_USAGE = YES_ERROR;
				CLANG_WARN_DOCUMENTATION_COMMENTS = YES;
				CLANG_WARN_EMPTY_BODY = YES;
				CLANG_WARN_ENUM_CONVERSION = YES;
				CLANG_WARN_INFINITE_RECURSION = YES;
				CLANG_WARN_INT_CONVERSION = YES;
				CLANG_WARN_NON_LITERAL_NULL_CONVERSION = YES;
				CLANG_WARN_OBJC_IMPLICIT_RETAIN_SELF = YES;
				CLANG_WARN_OBJC_LITERAL_CONVERSION = YES;
				CLANG_WARN_OBJC_ROOT_CLASS = YES_ERROR;
				CLANG_WARN_RANGE_LOOP_ANALYSIS = YES;
				CLANG_WARN_STRICT_PROTOTYPES = YES;
				CLANG_WARN_SUSPICIOUS_MOVE = YES;
				CLANG_WARN_UNGUARDED_AVAILABILITY = YES_AGGRESSIVE;
				CLANG_WARN_UNREACHABLE_CODE = YES;
				CLANG_WARN__DUPLICATE_METHOD_MATCH = YES;
				CODE_SIGN_IDENTITY = "iPhone Developer";
				COPY_PHASE_STRIP = NO;
				DEBUG_INFORMATION_FORMAT = "dwarf-with-dsym";
				ENABLE_NS_ASSERTIONS = NO;
				ENABLE_STRICT_OBJC_MSGSEND = YES;
				GCC_C_LANGUAGE_STANDARD = gnu11;
				GCC_NO_COMMON_BLOCKS = YES;
				GCC_WARN_64_TO_32_BIT_CONVERSION = YES;
				GCC_WARN_ABOUT_RETURN_TYPE = YES_ERROR;
				GCC_WARN_UNDECLARED_SELECTOR = YES;
				GCC_WARN_UNINITIALIZED_AUTOS = YES_AGGRESSIVE;
				GCC_WARN_UNUSED_FUNCTION = YES;
				GCC_WARN_UNUSED_VARIABLE = YES;
				IPHONEOS_DEPLOYMENT_TARGET = 12.1;
				MTL_ENABLE_DEBUG_INFO = NO;
				MTL_FAST_MATH = YES;
				SDKROOT = iphoneos;
				SWIFT_COMPILATION_MODE = wholemodule;
				SWIFT_OPTIMIZATION_LEVEL = "-O";
				VALIDATE_PRODUCT = YES;
			};
			name = Release;
		};
		9530FC7421EA4B2A004DD256 /* Debug */ = {
			isa = XCBuildConfiguration;
			baseConfigurationReference = 653AD19DEC121055073B4977 /* Pods-StudyPad.debug.xcconfig */;
			buildSettings = {
				ASSETCATALOG_COMPILER_APPICON_NAME = AppIcon;
				CODE_SIGN_STYLE = Automatic;
				INFOPLIST_FILE = StudyPad/Info.plist;
				LD_RUNPATH_SEARCH_PATHS = (
					"$(inherited)",
					"@executable_path/Frameworks",
				);
				PRODUCT_BUNDLE_IDENTIFIER = cz.levinzonr.StudyPad;
				PRODUCT_NAME = "$(TARGET_NAME)";
				SWIFT_VERSION = 4.2;
				TARGETED_DEVICE_FAMILY = "1,2";
			};
			name = Debug;
		};
		9530FC7521EA4B2A004DD256 /* Release */ = {
			isa = XCBuildConfiguration;
			baseConfigurationReference = 94CC7A680369EB0E4C4F79FE /* Pods-StudyPad.release.xcconfig */;
			buildSettings = {
				ASSETCATALOG_COMPILER_APPICON_NAME = AppIcon;
				CODE_SIGN_STYLE = Automatic;
				INFOPLIST_FILE = StudyPad/Info.plist;
				LD_RUNPATH_SEARCH_PATHS = (
					"$(inherited)",
					"@executable_path/Frameworks",
				);
				PRODUCT_BUNDLE_IDENTIFIER = cz.levinzonr.StudyPad;
				PRODUCT_NAME = "$(TARGET_NAME)";
				SWIFT_VERSION = 4.2;
				TARGETED_DEVICE_FAMILY = "1,2";
			};
			name = Release;
		};
		9530FC7721EA4B2A004DD256 /* Debug */ = {
			isa = XCBuildConfiguration;
			baseConfigurationReference = 799C94F403BBE22D5C838C54 /* Pods-StudyPadTests.debug.xcconfig */;
			buildSettings = {
				ALWAYS_EMBED_SWIFT_STANDARD_LIBRARIES = YES;
				BUNDLE_LOADER = "$(TEST_HOST)";
				CODE_SIGN_STYLE = Automatic;
				INFOPLIST_FILE = StudyPadTests/Info.plist;
				LD_RUNPATH_SEARCH_PATHS = (
					"$(inherited)",
					"@executable_path/Frameworks",
					"@loader_path/Frameworks",
				);
				PRODUCT_BUNDLE_IDENTIFIER = cz.levinzonr.StudyPadTests;
				PRODUCT_NAME = "$(TARGET_NAME)";
				SWIFT_VERSION = 4.2;
				TARGETED_DEVICE_FAMILY = "1,2";
				TEST_HOST = "$(BUILT_PRODUCTS_DIR)/StudyPad.app/StudyPad";
			};
			name = Debug;
		};
		9530FC7821EA4B2A004DD256 /* Release */ = {
			isa = XCBuildConfiguration;
			baseConfigurationReference = 3B9298F618126F63FE3D7F5C /* Pods-StudyPadTests.release.xcconfig */;
			buildSettings = {
				ALWAYS_EMBED_SWIFT_STANDARD_LIBRARIES = YES;
				BUNDLE_LOADER = "$(TEST_HOST)";
				CODE_SIGN_STYLE = Automatic;
				INFOPLIST_FILE = StudyPadTests/Info.plist;
				LD_RUNPATH_SEARCH_PATHS = (
					"$(inherited)",
					"@executable_path/Frameworks",
					"@loader_path/Frameworks",
				);
				PRODUCT_BUNDLE_IDENTIFIER = cz.levinzonr.StudyPadTests;
				PRODUCT_NAME = "$(TARGET_NAME)";
				SWIFT_VERSION = 4.2;
				TARGETED_DEVICE_FAMILY = "1,2";
				TEST_HOST = "$(BUILT_PRODUCTS_DIR)/StudyPad.app/StudyPad";
			};
			name = Release;
		};
		9530FC7A21EA4B2A004DD256 /* Debug */ = {
			isa = XCBuildConfiguration;
			baseConfigurationReference = D478DB767903BAE8302B9A5E /* Pods-StudyPadUITests.debug.xcconfig */;
			buildSettings = {
				ALWAYS_EMBED_SWIFT_STANDARD_LIBRARIES = YES;
				CODE_SIGN_STYLE = Automatic;
				INFOPLIST_FILE = StudyPadUITests/Info.plist;
				LD_RUNPATH_SEARCH_PATHS = (
					"$(inherited)",
					"@executable_path/Frameworks",
					"@loader_path/Frameworks",
				);
				PRODUCT_BUNDLE_IDENTIFIER = cz.levinzonr.StudyPadUITests;
				PRODUCT_NAME = "$(TARGET_NAME)";
				SWIFT_VERSION = 4.2;
				TARGETED_DEVICE_FAMILY = "1,2";
				TEST_TARGET_NAME = StudyPad;
			};
			name = Debug;
		};
		9530FC7B21EA4B2A004DD256 /* Release */ = {
			isa = XCBuildConfiguration;
			baseConfigurationReference = 6506F9A755856C6FF723BAC0 /* Pods-StudyPadUITests.release.xcconfig */;
			buildSettings = {
				ALWAYS_EMBED_SWIFT_STANDARD_LIBRARIES = YES;
				CODE_SIGN_STYLE = Automatic;
				INFOPLIST_FILE = StudyPadUITests/Info.plist;
				LD_RUNPATH_SEARCH_PATHS = (
					"$(inherited)",
					"@executable_path/Frameworks",
					"@loader_path/Frameworks",
				);
				PRODUCT_BUNDLE_IDENTIFIER = cz.levinzonr.StudyPadUITests;
				PRODUCT_NAME = "$(TARGET_NAME)";
				SWIFT_VERSION = 4.2;
				TARGETED_DEVICE_FAMILY = "1,2";
				TEST_TARGET_NAME = StudyPad;
			};
			name = Release;
		};
/* End XCBuildConfiguration section */

/* Begin XCConfigurationList section */
		9530FC4621EA4B27004DD256 /* Build configuration list for PBXProject "StudyPad" */ = {
			isa = XCConfigurationList;
			buildConfigurations = (
				9530FC7121EA4B2A004DD256 /* Debug */,
				9530FC7221EA4B2A004DD256 /* Release */,
			);
			defaultConfigurationIsVisible = 0;
			defaultConfigurationName = Release;
		};
		9530FC7321EA4B2A004DD256 /* Build configuration list for PBXNativeTarget "StudyPad" */ = {
			isa = XCConfigurationList;
			buildConfigurations = (
				9530FC7421EA4B2A004DD256 /* Debug */,
				9530FC7521EA4B2A004DD256 /* Release */,
			);
			defaultConfigurationIsVisible = 0;
			defaultConfigurationName = Release;
		};
		9530FC7621EA4B2A004DD256 /* Build configuration list for PBXNativeTarget "StudyPadTests" */ = {
			isa = XCConfigurationList;
			buildConfigurations = (
				9530FC7721EA4B2A004DD256 /* Debug */,
				9530FC7821EA4B2A004DD256 /* Release */,
			);
			defaultConfigurationIsVisible = 0;
			defaultConfigurationName = Release;
		};
		9530FC7921EA4B2A004DD256 /* Build configuration list for PBXNativeTarget "StudyPadUITests" */ = {
			isa = XCConfigurationList;
			buildConfigurations = (
				9530FC7A21EA4B2A004DD256 /* Debug */,
				9530FC7B21EA4B2A004DD256 /* Release */,
			);
			defaultConfigurationIsVisible = 0;
			defaultConfigurationName = Release;
		};
/* End XCConfigurationList section */
	};
	rootObject = 9530FC4321EA4B27004DD256 /* Project object */;
}
