// !$*UTF8*$!
{
	archiveVersion = 1;
	classes = {
	};
	objectVersion = 50;
	objects = {

/* Begin PBXBuildFile section */
		3E0B462167B6E47D7BF04CBC /* Pods_StudyPadTests.framework in Frameworks */ = {isa = PBXBuildFile; fileRef = 85956D0667F2ABEDF965B399 /* Pods_StudyPadTests.framework */; };
		516C8313F41BA8E387C81CEA /* Pods_StudyPad.framework in Frameworks */ = {isa = PBXBuildFile; fileRef = 9159DB616815EE7AD79EE931 /* Pods_StudyPad.framework */; };
		952952F921F7694B00599603 /* User.swift in Sources */ = {isa = PBXBuildFile; fileRef = 952952F821F7694B00599603 /* User.swift */; };
		952952FC21F772A100599603 /* NoteDetailViewController.swift in Sources */ = {isa = PBXBuildFile; fileRef = 952952FB21F772A100599603 /* NoteDetailViewController.swift */; };
		952952FE21F772B000599603 /* NoteDetailContract.swift in Sources */ = {isa = PBXBuildFile; fileRef = 952952FD21F772B000599603 /* NoteDetailContract.swift */; };
		9529530021F772C100599603 /* NoteDetailCoordinator.swift in Sources */ = {isa = PBXBuildFile; fileRef = 952952FF21F772C100599603 /* NoteDetailCoordinator.swift */; };
		9529530221F772ED00599603 /* NoteDetailPresenter.swift in Sources */ = {isa = PBXBuildFile; fileRef = 9529530121F772ED00599603 /* NoteDetailPresenter.swift */; };
		9529530421F7730300599603 /* NoteDetailViewController.storyboard in Resources */ = {isa = PBXBuildFile; fileRef = 9529530321F7730300599603 /* NoteDetailViewController.storyboard */; };
		9529530721F77F7D00599603 /* NoteEditViewController.storyboard in Resources */ = {isa = PBXBuildFile; fileRef = 9529530621F77F7D00599603 /* NoteEditViewController.storyboard */; };
		9529530921F77F9800599603 /* NoteEditViewController.swift in Sources */ = {isa = PBXBuildFile; fileRef = 9529530821F77F9800599603 /* NoteEditViewController.swift */; };
		9529530B21F77FB300599603 /* NoteEditPresenter.swift in Sources */ = {isa = PBXBuildFile; fileRef = 9529530A21F77FB300599603 /* NoteEditPresenter.swift */; };
		9529530D21F77FF000599603 /* NoteEditContract.swift in Sources */ = {isa = PBXBuildFile; fileRef = 9529530C21F77FF000599603 /* NoteEditContract.swift */; };
		9529531021F8DEE700599603 /* ProfileViewController.storyboard in Resources */ = {isa = PBXBuildFile; fileRef = 9529530F21F8DEE700599603 /* ProfileViewController.storyboard */; };
		9529531221F8DEFA00599603 /* ProfileViewController.swift in Sources */ = {isa = PBXBuildFile; fileRef = 9529531121F8DEFA00599603 /* ProfileViewController.swift */; };
		952E2E60220600DF00C456AF /* GradientView.swift in Sources */ = {isa = PBXBuildFile; fileRef = 952E2E5F220600DF00C456AF /* GradientView.swift */; };
		952E2E682206E9E800C456AF /* ProfileViewCell.swift in Sources */ = {isa = PBXBuildFile; fileRef = 952E2E662206E9E800C456AF /* ProfileViewCell.swift */; };
		952E2E692206E9E800C456AF /* ProfileViewCell.xib in Resources */ = {isa = PBXBuildFile; fileRef = 952E2E672206E9E800C456AF /* ProfileViewCell.xib */; };
		9530FC4F21EA4B28004DD256 /* AppDelegate.swift in Sources */ = {isa = PBXBuildFile; fileRef = 9530FC4E21EA4B28004DD256 /* AppDelegate.swift */; };
		9530FC5621EA4B2A004DD256 /* Assets.xcassets in Resources */ = {isa = PBXBuildFile; fileRef = 9530FC5521EA4B2A004DD256 /* Assets.xcassets */; };
		9530FC5921EA4B2A004DD256 /* LaunchScreen.storyboard in Resources */ = {isa = PBXBuildFile; fileRef = 9530FC5721EA4B2A004DD256 /* LaunchScreen.storyboard */; };
		9530FC6421EA4B2A004DD256 /* StudyPadTests.swift in Sources */ = {isa = PBXBuildFile; fileRef = 9530FC6321EA4B2A004DD256 /* StudyPadTests.swift */; };
		9530FC6F21EA4B2A004DD256 /* StudyPadUITests.swift in Sources */ = {isa = PBXBuildFile; fileRef = 9530FC6E21EA4B2A004DD256 /* StudyPadUITests.swift */; };
		9530FC8121EA52F6004DD256 /* Notebook.swift in Sources */ = {isa = PBXBuildFile; fileRef = 9530FC8021EA52F6004DD256 /* Notebook.swift */; };
		9530FC8421EA5869004DD256 /* AppCoordinator.swift in Sources */ = {isa = PBXBuildFile; fileRef = 9530FC8321EA5869004DD256 /* AppCoordinator.swift */; };
		9530FC8621EA653B004DD256 /* Repositories.swift in Sources */ = {isa = PBXBuildFile; fileRef = 9530FC8521EA653B004DD256 /* Repositories.swift */; };
		9530FC8821EA66B1004DD256 /* MockRepository.swift in Sources */ = {isa = PBXBuildFile; fileRef = 9530FC8721EA66B1004DD256 /* MockRepository.swift */; };
		9530FC8A21EA6D83004DD256 /* Note.swift in Sources */ = {isa = PBXBuildFile; fileRef = 9530FC8921EA6D83004DD256 /* Note.swift */; };
		9530FC8C21EA7219004DD256 /* Extenstions.swift in Sources */ = {isa = PBXBuildFile; fileRef = 9530FC8B21EA7219004DD256 /* Extenstions.swift */; };
		9530FC8E21EA7459004DD256 /* DependencyManager.swift in Sources */ = {isa = PBXBuildFile; fileRef = 9530FC8D21EA7459004DD256 /* DependencyManager.swift */; };
		9530FC9221EA8AE4004DD256 /* Coordinator.swift in Sources */ = {isa = PBXBuildFile; fileRef = 9530FC9121EA8AE4004DD256 /* Coordinator.swift */; };
		9530FC9621EA8D2F004DD256 /* BottomNavCoordinator.swift in Sources */ = {isa = PBXBuildFile; fileRef = 9530FC9521EA8D2F004DD256 /* BottomNavCoordinator.swift */; };
		9530FC9821EA9081004DD256 /* NotebooksCoordinator.swift in Sources */ = {isa = PBXBuildFile; fileRef = 9530FC9721EA9081004DD256 /* NotebooksCoordinator.swift */; };
		9530FC9C21EA9311004DD256 /* NotebooksPresenter.swift in Sources */ = {isa = PBXBuildFile; fileRef = 9530FC9B21EA9311004DD256 /* NotebooksPresenter.swift */; };
		9530FCA621EA9BF0004DD256 /* NotebooksViewController.swift in Sources */ = {isa = PBXBuildFile; fileRef = 9530FCA521EA9BF0004DD256 /* NotebooksViewController.swift */; };
		9530FCA821EB4BEA004DD256 /* NotebooksViewController.storyboard in Resources */ = {isa = PBXBuildFile; fileRef = 9530FCA721EB4BEA004DD256 /* NotebooksViewController.storyboard */; };
		955496BA21F6216C0081668F /* Presenter.swift in Sources */ = {isa = PBXBuildFile; fileRef = 955496B921F6216C0081668F /* Presenter.swift */; };
		955496BC21F622290081668F /* BaseView.swift in Sources */ = {isa = PBXBuildFile; fileRef = 955496BB21F622290081668F /* BaseView.swift */; };
		955496BE21F624C00081668F /* NotebooksView.swift in Sources */ = {isa = PBXBuildFile; fileRef = 955496BD21F624C00081668F /* NotebooksView.swift */; };
		955496C221F63E560081668F /* NotesContract.swift in Sources */ = {isa = PBXBuildFile; fileRef = 955496C121F63E560081668F /* NotesContract.swift */; };
		955496C421F63EE30081668F /* NotesCoordinator.swift in Sources */ = {isa = PBXBuildFile; fileRef = 955496C321F63EE30081668F /* NotesCoordinator.swift */; };
		955496C621F63F230081668F /* NotesViewController.storyboard in Resources */ = {isa = PBXBuildFile; fileRef = 955496C521F63F230081668F /* NotesViewController.storyboard */; };
		955496C821F63F520081668F /* NotesViewController.swift in Sources */ = {isa = PBXBuildFile; fileRef = 955496C721F63F520081668F /* NotesViewController.swift */; };
		955496CA21F63FD00081668F /* NotesPresenterImpl.swift in Sources */ = {isa = PBXBuildFile; fileRef = 955496C921F63FD00081668F /* NotesPresenterImpl.swift */; };
		955496CE21F651010081668F /* NoteViewCell.swift in Sources */ = {isa = PBXBuildFile; fileRef = 955496CC21F651010081668F /* NoteViewCell.swift */; };
		955496CF21F651010081668F /* NoteViewCell.xib in Resources */ = {isa = PBXBuildFile; fileRef = 955496CD21F651010081668F /* NoteViewCell.xib */; };
		955496D221F65FCC0081668F /* LoginViewController.storyboard in Resources */ = {isa = PBXBuildFile; fileRef = 955496D121F65FCC0081668F /* LoginViewController.storyboard */; };
		955496D421F660C90081668F /* LoginViewController.swift in Sources */ = {isa = PBXBuildFile; fileRef = 955496D321F660C90081668F /* LoginViewController.swift */; };
		955496D621F710860081668F /* UserManager.swift in Sources */ = {isa = PBXBuildFile; fileRef = 955496D521F710860081668F /* UserManager.swift */; };
		955496D821F712260081668F /* LoginCoordinator.swift in Sources */ = {isa = PBXBuildFile; fileRef = 955496D721F712260081668F /* LoginCoordinator.swift */; };
		955496DA21F718B50081668F /* LoginContract.swift in Sources */ = {isa = PBXBuildFile; fileRef = 955496D921F718B50081668F /* LoginContract.swift */; };
		955496DC21F718E80081668F /* LoginPresenter.swift in Sources */ = {isa = PBXBuildFile; fileRef = 955496DB21F718E80081668F /* LoginPresenter.swift */; };
		955909622206FA6C00757784 /* ProfileModels.swift in Sources */ = {isa = PBXBuildFile; fileRef = 955909612206FA6C00757784 /* ProfileModels.swift */; };
		9559096B22070A4E00757784 /* ChallengesOverviewCoordinator.swift in Sources */ = {isa = PBXBuildFile; fileRef = 9559096422070A4E00757784 /* ChallengesOverviewCoordinator.swift */; };
		9559096C22070A4E00757784 /* ChallengesOverviewPresenter.swift in Sources */ = {isa = PBXBuildFile; fileRef = 9559096522070A4E00757784 /* ChallengesOverviewPresenter.swift */; };
		9559096D22070A4E00757784 /* ChallengesOverviewViewController.storyboard in Resources */ = {isa = PBXBuildFile; fileRef = 9559096622070A4E00757784 /* ChallengesOverviewViewController.storyboard */; };
		9559096E22070A4E00757784 /* ChallengesOverviewModels.swift in Sources */ = {isa = PBXBuildFile; fileRef = 9559096722070A4E00757784 /* ChallengesOverviewModels.swift */; };
		9559096F22070A4E00757784 /* ChallengesOverviewViewController.swift in Sources */ = {isa = PBXBuildFile; fileRef = 9559096822070A4E00757784 /* ChallengesOverviewViewController.swift */; };
		9559097022070A4E00757784 /* ChallengesOverviewProtocols.swift in Sources */ = {isa = PBXBuildFile; fileRef = 9559096922070A4E00757784 /* ChallengesOverviewProtocols.swift */; };
		9559097122070A4E00757784 /* ChallengesOverviewInteractor.swift in Sources */ = {isa = PBXBuildFile; fileRef = 9559096A22070A4E00757784 /* ChallengesOverviewInteractor.swift */; };
		95590979220717C100757784 /* NotebookSelectionPresenter.swift in Sources */ = {isa = PBXBuildFile; fileRef = 95590973220717C100757784 /* NotebookSelectionPresenter.swift */; };
		9559097A220717C100757784 /* NotebookSelectionViewController.storyboard in Resources */ = {isa = PBXBuildFile; fileRef = 95590974220717C100757784 /* NotebookSelectionViewController.storyboard */; };
		9559097B220717C100757784 /* NotebookSelectionModels.swift in Sources */ = {isa = PBXBuildFile; fileRef = 95590975220717C100757784 /* NotebookSelectionModels.swift */; };
		9559097C220717C100757784 /* NotebookSelectionViewController.swift in Sources */ = {isa = PBXBuildFile; fileRef = 95590976220717C100757784 /* NotebookSelectionViewController.swift */; };
		9559097D220717C100757784 /* NotebookSelectionProtocols.swift in Sources */ = {isa = PBXBuildFile; fileRef = 95590977220717C100757784 /* NotebookSelectionProtocols.swift */; };
		9559097E220717C100757784 /* NotebookSelectionInteractor.swift in Sources */ = {isa = PBXBuildFile; fileRef = 95590978220717C100757784 /* NotebookSelectionInteractor.swift */; };
		95590986220729C200757784 /* MemoPresenter.swift in Sources */ = {isa = PBXBuildFile; fileRef = 95590980220729C200757784 /* MemoPresenter.swift */; };
		95590987220729C200757784 /* MemoViewController.storyboard in Resources */ = {isa = PBXBuildFile; fileRef = 95590981220729C200757784 /* MemoViewController.storyboard */; };
		95590988220729C200757784 /* MemoModels.swift in Sources */ = {isa = PBXBuildFile; fileRef = 95590982220729C200757784 /* MemoModels.swift */; };
		95590989220729C200757784 /* MemoViewController.swift in Sources */ = {isa = PBXBuildFile; fileRef = 95590983220729C200757784 /* MemoViewController.swift */; };
		9559098A220729C200757784 /* MemoProtocols.swift in Sources */ = {isa = PBXBuildFile; fileRef = 95590984220729C200757784 /* MemoProtocols.swift */; };
		9559098B220729C200757784 /* MemoInteractor.swift in Sources */ = {isa = PBXBuildFile; fileRef = 95590985220729C200757784 /* MemoInteractor.swift */; };
		955909982207702E00757784 /* EditProfilePresenter.swift in Sources */ = {isa = PBXBuildFile; fileRef = 955909922207702E00757784 /* EditProfilePresenter.swift */; };
		955909992207702E00757784 /* EditProfileViewController.storyboard in Resources */ = {isa = PBXBuildFile; fileRef = 955909932207702E00757784 /* EditProfileViewController.storyboard */; };
		9559099A2207702E00757784 /* EditProfileModels.swift in Sources */ = {isa = PBXBuildFile; fileRef = 955909942207702E00757784 /* EditProfileModels.swift */; };
		9559099B2207702E00757784 /* EditProfileViewController.swift in Sources */ = {isa = PBXBuildFile; fileRef = 955909952207702E00757784 /* EditProfileViewController.swift */; };
		9559099C2207702E00757784 /* EditProfileProtocols.swift in Sources */ = {isa = PBXBuildFile; fileRef = 955909962207702E00757784 /* EditProfileProtocols.swift */; };
		9559099D2207702E00757784 /* EditProfileInteractor.swift in Sources */ = {isa = PBXBuildFile; fileRef = 955909972207702E00757784 /* EditProfileInteractor.swift */; };
		9581187F21FA1372002DFA43 /* ProfileCoordinator.swift in Sources */ = {isa = PBXBuildFile; fileRef = 9581187E21FA1372002DFA43 /* ProfileCoordinator.swift */; };
		9581188121FA1382002DFA43 /* ProfileProtocols.swift in Sources */ = {isa = PBXBuildFile; fileRef = 9581188021FA1382002DFA43 /* ProfileProtocols.swift */; };
		9581188321FA13D5002DFA43 /* ProfilePresenter.swift in Sources */ = {isa = PBXBuildFile; fileRef = 9581188221FA13D5002DFA43 /* ProfilePresenter.swift */; };
		9581188B21FA2CF7002DFA43 /* SignupPresenter.swift in Sources */ = {isa = PBXBuildFile; fileRef = 9581188521FA2CF7002DFA43 /* SignupPresenter.swift */; };
		9581188C21FA2CF7002DFA43 /* SignupViewController.storyboard in Resources */ = {isa = PBXBuildFile; fileRef = 9581188621FA2CF7002DFA43 /* SignupViewController.storyboard */; };
		9581188D21FA2CF7002DFA43 /* SignupModels.swift in Sources */ = {isa = PBXBuildFile; fileRef = 9581188721FA2CF7002DFA43 /* SignupModels.swift */; };
		9581188E21FA2CF7002DFA43 /* SignupViewController.swift in Sources */ = {isa = PBXBuildFile; fileRef = 9581188821FA2CF7002DFA43 /* SignupViewController.swift */; };
		9581188F21FA2CF7002DFA43 /* SignupProtocols.swift in Sources */ = {isa = PBXBuildFile; fileRef = 9581188921FA2CF7002DFA43 /* SignupProtocols.swift */; };
		9581189021FA2CF7002DFA43 /* SignupInteractor.swift in Sources */ = {isa = PBXBuildFile; fileRef = 9581188A21FA2CF7002DFA43 /* SignupInteractor.swift */; };
		9581189221FA3025002DFA43 /* SignupCoordinator.swift in Sources */ = {isa = PBXBuildFile; fileRef = 9581189121FA3025002DFA43 /* SignupCoordinator.swift */; };
		9581189521FDE890002DFA43 /* ServerRepository.swift in Sources */ = {isa = PBXBuildFile; fileRef = 9581189421FDE890002DFA43 /* ServerRepository.swift */; };
		9581189721FDE999002DFA43 /* Constants.swift in Sources */ = {isa = PBXBuildFile; fileRef = 9581189621FDE999002DFA43 /* Constants.swift */; };
		9596178A22089E740028BE93 /* EmptyView.xib in Resources */ = {isa = PBXBuildFile; fileRef = 9596178922089E740028BE93 /* EmptyView.xib */; };
		9596178C22089F0A0028BE93 /* EmptyView.swift in Sources */ = {isa = PBXBuildFile; fileRef = 9596178B22089F0A0028BE93 /* EmptyView.swift */; };
		95D59032220B385A0021986A /* Error.swift in Sources */ = {isa = PBXBuildFile; fileRef = 95D59031220B385A0021986A /* Error.swift */; };
		95FDDD012205D03E00E44785 /* NotebookViewCell.swift in Sources */ = {isa = PBXBuildFile; fileRef = 95FDDCFF2205D03E00E44785 /* NotebookViewCell.swift */; };
		95FDDD022205D03E00E44785 /* NotebookViewCell.xib in Resources */ = {isa = PBXBuildFile; fileRef = 95FDDD002205D03E00E44785 /* NotebookViewCell.xib */; };
		BC41889BA65B8B5D23110F55 /* Pods_StudyPadUITests.framework in Frameworks */ = {isa = PBXBuildFile; fileRef = EA30EBDCB9DB0851AC6A1448 /* Pods_StudyPadUITests.framework */; };
/* End PBXBuildFile section */

/* Begin PBXContainerItemProxy section */
		9530FC6021EA4B2A004DD256 /* PBXContainerItemProxy */ = {
			isa = PBXContainerItemProxy;
			containerPortal = 9530FC4321EA4B27004DD256 /* Project object */;
			proxyType = 1;
			remoteGlobalIDString = 9530FC4A21EA4B27004DD256;
			remoteInfo = StudyPad;
		};
		9530FC6B21EA4B2A004DD256 /* PBXContainerItemProxy */ = {
			isa = PBXContainerItemProxy;
			containerPortal = 9530FC4321EA4B27004DD256 /* Project object */;
			proxyType = 1;
			remoteGlobalIDString = 9530FC4A21EA4B27004DD256;
			remoteInfo = StudyPad;
		};
/* End PBXContainerItemProxy section */

/* Begin PBXFileReference section */
		3B9298F618126F63FE3D7F5C /* Pods-StudyPadTests.release.xcconfig */ = {isa = PBXFileReference; includeInIndex = 1; lastKnownFileType = text.xcconfig; name = "Pods-StudyPadTests.release.xcconfig"; path = "Pods/Target Support Files/Pods-StudyPadTests/Pods-StudyPadTests.release.xcconfig"; sourceTree = "<group>"; };
		6506F9A755856C6FF723BAC0 /* Pods-StudyPadUITests.release.xcconfig */ = {isa = PBXFileReference; includeInIndex = 1; lastKnownFileType = text.xcconfig; name = "Pods-StudyPadUITests.release.xcconfig"; path = "Pods/Target Support Files/Pods-StudyPadUITests/Pods-StudyPadUITests.release.xcconfig"; sourceTree = "<group>"; };
		653AD19DEC121055073B4977 /* Pods-StudyPad.debug.xcconfig */ = {isa = PBXFileReference; includeInIndex = 1; lastKnownFileType = text.xcconfig; name = "Pods-StudyPad.debug.xcconfig"; path = "Pods/Target Support Files/Pods-StudyPad/Pods-StudyPad.debug.xcconfig"; sourceTree = "<group>"; };
		799C94F403BBE22D5C838C54 /* Pods-StudyPadTests.debug.xcconfig */ = {isa = PBXFileReference; includeInIndex = 1; lastKnownFileType = text.xcconfig; name = "Pods-StudyPadTests.debug.xcconfig"; path = "Pods/Target Support Files/Pods-StudyPadTests/Pods-StudyPadTests.debug.xcconfig"; sourceTree = "<group>"; };
		85956D0667F2ABEDF965B399 /* Pods_StudyPadTests.framework */ = {isa = PBXFileReference; explicitFileType = wrapper.framework; includeInIndex = 0; path = Pods_StudyPadTests.framework; sourceTree = BUILT_PRODUCTS_DIR; };
		9159DB616815EE7AD79EE931 /* Pods_StudyPad.framework */ = {isa = PBXFileReference; explicitFileType = wrapper.framework; includeInIndex = 0; path = Pods_StudyPad.framework; sourceTree = BUILT_PRODUCTS_DIR; };
		94CC7A680369EB0E4C4F79FE /* Pods-StudyPad.release.xcconfig */ = {isa = PBXFileReference; includeInIndex = 1; lastKnownFileType = text.xcconfig; name = "Pods-StudyPad.release.xcconfig"; path = "Pods/Target Support Files/Pods-StudyPad/Pods-StudyPad.release.xcconfig"; sourceTree = "<group>"; };
		952952F821F7694B00599603 /* User.swift */ = {isa = PBXFileReference; lastKnownFileType = sourcecode.swift; path = User.swift; sourceTree = "<group>"; };
		952952FB21F772A100599603 /* NoteDetailViewController.swift */ = {isa = PBXFileReference; lastKnownFileType = sourcecode.swift; path = NoteDetailViewController.swift; sourceTree = "<group>"; };
		952952FD21F772B000599603 /* NoteDetailContract.swift */ = {isa = PBXFileReference; lastKnownFileType = sourcecode.swift; path = NoteDetailContract.swift; sourceTree = "<group>"; };
		952952FF21F772C100599603 /* NoteDetailCoordinator.swift */ = {isa = PBXFileReference; lastKnownFileType = sourcecode.swift; path = NoteDetailCoordinator.swift; sourceTree = "<group>"; };
		9529530121F772ED00599603 /* NoteDetailPresenter.swift */ = {isa = PBXFileReference; lastKnownFileType = sourcecode.swift; path = NoteDetailPresenter.swift; sourceTree = "<group>"; };
		9529530321F7730300599603 /* NoteDetailViewController.storyboard */ = {isa = PBXFileReference; lastKnownFileType = file.storyboard; path = NoteDetailViewController.storyboard; sourceTree = "<group>"; };
		9529530621F77F7D00599603 /* NoteEditViewController.storyboard */ = {isa = PBXFileReference; lastKnownFileType = file.storyboard; path = NoteEditViewController.storyboard; sourceTree = "<group>"; };
		9529530821F77F9800599603 /* NoteEditViewController.swift */ = {isa = PBXFileReference; lastKnownFileType = sourcecode.swift; path = NoteEditViewController.swift; sourceTree = "<group>"; };
		9529530A21F77FB300599603 /* NoteEditPresenter.swift */ = {isa = PBXFileReference; lastKnownFileType = sourcecode.swift; path = NoteEditPresenter.swift; sourceTree = "<group>"; };
		9529530C21F77FF000599603 /* NoteEditContract.swift */ = {isa = PBXFileReference; lastKnownFileType = sourcecode.swift; path = NoteEditContract.swift; sourceTree = "<group>"; };
		9529530F21F8DEE700599603 /* ProfileViewController.storyboard */ = {isa = PBXFileReference; lastKnownFileType = file.storyboard; path = ProfileViewController.storyboard; sourceTree = "<group>"; };
		9529531121F8DEFA00599603 /* ProfileViewController.swift */ = {isa = PBXFileReference; lastKnownFileType = sourcecode.swift; path = ProfileViewController.swift; sourceTree = "<group>"; };
		952E2E5F220600DF00C456AF /* GradientView.swift */ = {isa = PBXFileReference; lastKnownFileType = sourcecode.swift; path = GradientView.swift; sourceTree = "<group>"; };
		952E2E662206E9E800C456AF /* ProfileViewCell.swift */ = {isa = PBXFileReference; lastKnownFileType = sourcecode.swift; path = ProfileViewCell.swift; sourceTree = "<group>"; };
		952E2E672206E9E800C456AF /* ProfileViewCell.xib */ = {isa = PBXFileReference; lastKnownFileType = file.xib; path = ProfileViewCell.xib; sourceTree = "<group>"; };
		9530FC4B21EA4B27004DD256 /* StudyPad.app */ = {isa = PBXFileReference; explicitFileType = wrapper.application; includeInIndex = 0; path = StudyPad.app; sourceTree = BUILT_PRODUCTS_DIR; };
		9530FC4E21EA4B28004DD256 /* AppDelegate.swift */ = {isa = PBXFileReference; lastKnownFileType = sourcecode.swift; path = AppDelegate.swift; sourceTree = "<group>"; };
		9530FC5521EA4B2A004DD256 /* Assets.xcassets */ = {isa = PBXFileReference; lastKnownFileType = folder.assetcatalog; path = Assets.xcassets; sourceTree = "<group>"; };
		9530FC5821EA4B2A004DD256 /* Base */ = {isa = PBXFileReference; lastKnownFileType = file.storyboard; name = Base; path = Base.lproj/LaunchScreen.storyboard; sourceTree = "<group>"; };
		9530FC5A21EA4B2A004DD256 /* Info.plist */ = {isa = PBXFileReference; lastKnownFileType = text.plist.xml; path = Info.plist; sourceTree = "<group>"; };
		9530FC5F21EA4B2A004DD256 /* StudyPadTests.xctest */ = {isa = PBXFileReference; explicitFileType = wrapper.cfbundle; includeInIndex = 0; path = StudyPadTests.xctest; sourceTree = BUILT_PRODUCTS_DIR; };
		9530FC6321EA4B2A004DD256 /* StudyPadTests.swift */ = {isa = PBXFileReference; lastKnownFileType = sourcecode.swift; path = StudyPadTests.swift; sourceTree = "<group>"; };
		9530FC6521EA4B2A004DD256 /* Info.plist */ = {isa = PBXFileReference; lastKnownFileType = text.plist.xml; path = Info.plist; sourceTree = "<group>"; };
		9530FC6A21EA4B2A004DD256 /* StudyPadUITests.xctest */ = {isa = PBXFileReference; explicitFileType = wrapper.cfbundle; includeInIndex = 0; path = StudyPadUITests.xctest; sourceTree = BUILT_PRODUCTS_DIR; };
		9530FC6E21EA4B2A004DD256 /* StudyPadUITests.swift */ = {isa = PBXFileReference; lastKnownFileType = sourcecode.swift; path = StudyPadUITests.swift; sourceTree = "<group>"; };
		9530FC7021EA4B2A004DD256 /* Info.plist */ = {isa = PBXFileReference; lastKnownFileType = text.plist.xml; path = Info.plist; sourceTree = "<group>"; };
		9530FC8021EA52F6004DD256 /* Notebook.swift */ = {isa = PBXFileReference; lastKnownFileType = sourcecode.swift; path = Notebook.swift; sourceTree = "<group>"; };
		9530FC8321EA5869004DD256 /* AppCoordinator.swift */ = {isa = PBXFileReference; lastKnownFileType = sourcecode.swift; path = AppCoordinator.swift; sourceTree = "<group>"; };
		9530FC8521EA653B004DD256 /* Repositories.swift */ = {isa = PBXFileReference; lastKnownFileType = sourcecode.swift; path = Repositories.swift; sourceTree = "<group>"; };
		9530FC8721EA66B1004DD256 /* MockRepository.swift */ = {isa = PBXFileReference; lastKnownFileType = sourcecode.swift; path = MockRepository.swift; sourceTree = "<group>"; };
		9530FC8921EA6D83004DD256 /* Note.swift */ = {isa = PBXFileReference; lastKnownFileType = sourcecode.swift; path = Note.swift; sourceTree = "<group>"; };
		9530FC8B21EA7219004DD256 /* Extenstions.swift */ = {isa = PBXFileReference; lastKnownFileType = sourcecode.swift; path = Extenstions.swift; sourceTree = "<group>"; };
		9530FC8D21EA7459004DD256 /* DependencyManager.swift */ = {isa = PBXFileReference; lastKnownFileType = sourcecode.swift; path = DependencyManager.swift; sourceTree = "<group>"; };
		9530FC9121EA8AE4004DD256 /* Coordinator.swift */ = {isa = PBXFileReference; lastKnownFileType = sourcecode.swift; path = Coordinator.swift; sourceTree = "<group>"; };
		9530FC9521EA8D2F004DD256 /* BottomNavCoordinator.swift */ = {isa = PBXFileReference; lastKnownFileType = sourcecode.swift; path = BottomNavCoordinator.swift; sourceTree = "<group>"; };
		9530FC9721EA9081004DD256 /* NotebooksCoordinator.swift */ = {isa = PBXFileReference; lastKnownFileType = sourcecode.swift; path = NotebooksCoordinator.swift; sourceTree = "<group>"; };
		9530FC9B21EA9311004DD256 /* NotebooksPresenter.swift */ = {isa = PBXFileReference; lastKnownFileType = sourcecode.swift; path = NotebooksPresenter.swift; sourceTree = "<group>"; };
		9530FCA521EA9BF0004DD256 /* NotebooksViewController.swift */ = {isa = PBXFileReference; lastKnownFileType = sourcecode.swift; path = NotebooksViewController.swift; sourceTree = "<group>"; };
		9530FCA721EB4BEA004DD256 /* NotebooksViewController.storyboard */ = {isa = PBXFileReference; lastKnownFileType = file.storyboard; path = NotebooksViewController.storyboard; sourceTree = "<group>"; };
		955496B921F6216C0081668F /* Presenter.swift */ = {isa = PBXFileReference; lastKnownFileType = sourcecode.swift; path = Presenter.swift; sourceTree = "<group>"; };
		955496BB21F622290081668F /* BaseView.swift */ = {isa = PBXFileReference; lastKnownFileType = sourcecode.swift; path = BaseView.swift; sourceTree = "<group>"; };
		955496BD21F624C00081668F /* NotebooksView.swift */ = {isa = PBXFileReference; lastKnownFileType = sourcecode.swift; path = NotebooksView.swift; sourceTree = "<group>"; };
		955496C121F63E560081668F /* NotesContract.swift */ = {isa = PBXFileReference; lastKnownFileType = sourcecode.swift; path = NotesContract.swift; sourceTree = "<group>"; };
		955496C321F63EE30081668F /* NotesCoordinator.swift */ = {isa = PBXFileReference; lastKnownFileType = sourcecode.swift; path = NotesCoordinator.swift; sourceTree = "<group>"; };
		955496C521F63F230081668F /* NotesViewController.storyboard */ = {isa = PBXFileReference; lastKnownFileType = file.storyboard; path = NotesViewController.storyboard; sourceTree = "<group>"; };
		955496C721F63F520081668F /* NotesViewController.swift */ = {isa = PBXFileReference; lastKnownFileType = sourcecode.swift; path = NotesViewController.swift; sourceTree = "<group>"; };
		955496C921F63FD00081668F /* NotesPresenterImpl.swift */ = {isa = PBXFileReference; lastKnownFileType = sourcecode.swift; path = NotesPresenterImpl.swift; sourceTree = "<group>"; };
		955496CC21F651010081668F /* NoteViewCell.swift */ = {isa = PBXFileReference; lastKnownFileType = sourcecode.swift; path = NoteViewCell.swift; sourceTree = "<group>"; };
		955496CD21F651010081668F /* NoteViewCell.xib */ = {isa = PBXFileReference; lastKnownFileType = file.xib; path = NoteViewCell.xib; sourceTree = "<group>"; };
		955496D121F65FCC0081668F /* LoginViewController.storyboard */ = {isa = PBXFileReference; lastKnownFileType = file.storyboard; path = LoginViewController.storyboard; sourceTree = "<group>"; };
		955496D321F660C90081668F /* LoginViewController.swift */ = {isa = PBXFileReference; lastKnownFileType = sourcecode.swift; path = LoginViewController.swift; sourceTree = "<group>"; };
		955496D521F710860081668F /* UserManager.swift */ = {isa = PBXFileReference; lastKnownFileType = sourcecode.swift; path = UserManager.swift; sourceTree = "<group>"; };
		955496D721F712260081668F /* LoginCoordinator.swift */ = {isa = PBXFileReference; lastKnownFileType = sourcecode.swift; path = LoginCoordinator.swift; sourceTree = "<group>"; };
		955496D921F718B50081668F /* LoginContract.swift */ = {isa = PBXFileReference; lastKnownFileType = sourcecode.swift; path = LoginContract.swift; sourceTree = "<group>"; };
		955496DB21F718E80081668F /* LoginPresenter.swift */ = {isa = PBXFileReference; lastKnownFileType = sourcecode.swift; path = LoginPresenter.swift; sourceTree = "<group>"; };
		955909612206FA6C00757784 /* ProfileModels.swift */ = {isa = PBXFileReference; lastKnownFileType = sourcecode.swift; path = ProfileModels.swift; sourceTree = "<group>"; };
		9559096422070A4E00757784 /* ChallengesOverviewCoordinator.swift */ = {isa = PBXFileReference; lastKnownFileType = sourcecode.swift; path = ChallengesOverviewCoordinator.swift; sourceTree = "<group>"; };
		9559096522070A4E00757784 /* ChallengesOverviewPresenter.swift */ = {isa = PBXFileReference; lastKnownFileType = sourcecode.swift; path = ChallengesOverviewPresenter.swift; sourceTree = "<group>"; };
		9559096622070A4E00757784 /* ChallengesOverviewViewController.storyboard */ = {isa = PBXFileReference; lastKnownFileType = file.storyboard; path = ChallengesOverviewViewController.storyboard; sourceTree = "<group>"; };
		9559096722070A4E00757784 /* ChallengesOverviewModels.swift */ = {isa = PBXFileReference; lastKnownFileType = sourcecode.swift; path = ChallengesOverviewModels.swift; sourceTree = "<group>"; };
		9559096822070A4E00757784 /* ChallengesOverviewViewController.swift */ = {isa = PBXFileReference; lastKnownFileType = sourcecode.swift; path = ChallengesOverviewViewController.swift; sourceTree = "<group>"; };
		9559096922070A4E00757784 /* ChallengesOverviewProtocols.swift */ = {isa = PBXFileReference; lastKnownFileType = sourcecode.swift; path = ChallengesOverviewProtocols.swift; sourceTree = "<group>"; };
		9559096A22070A4E00757784 /* ChallengesOverviewInteractor.swift */ = {isa = PBXFileReference; lastKnownFileType = sourcecode.swift; path = ChallengesOverviewInteractor.swift; sourceTree = "<group>"; };
		95590973220717C100757784 /* NotebookSelectionPresenter.swift */ = {isa = PBXFileReference; lastKnownFileType = sourcecode.swift; path = NotebookSelectionPresenter.swift; sourceTree = "<group>"; };
		95590974220717C100757784 /* NotebookSelectionViewController.storyboard */ = {isa = PBXFileReference; lastKnownFileType = file.storyboard; path = NotebookSelectionViewController.storyboard; sourceTree = "<group>"; };
		95590975220717C100757784 /* NotebookSelectionModels.swift */ = {isa = PBXFileReference; lastKnownFileType = sourcecode.swift; path = NotebookSelectionModels.swift; sourceTree = "<group>"; };
		95590976220717C100757784 /* NotebookSelectionViewController.swift */ = {isa = PBXFileReference; lastKnownFileType = sourcecode.swift; path = NotebookSelectionViewController.swift; sourceTree = "<group>"; };
		95590977220717C100757784 /* NotebookSelectionProtocols.swift */ = {isa = PBXFileReference; lastKnownFileType = sourcecode.swift; path = NotebookSelectionProtocols.swift; sourceTree = "<group>"; };
		95590978220717C100757784 /* NotebookSelectionInteractor.swift */ = {isa = PBXFileReference; lastKnownFileType = sourcecode.swift; path = NotebookSelectionInteractor.swift; sourceTree = "<group>"; };
		95590980220729C200757784 /* MemoPresenter.swift */ = {isa = PBXFileReference; lastKnownFileType = sourcecode.swift; path = MemoPresenter.swift; sourceTree = "<group>"; };
		95590981220729C200757784 /* MemoViewController.storyboard */ = {isa = PBXFileReference; lastKnownFileType = file.storyboard; path = MemoViewController.storyboard; sourceTree = "<group>"; };
		95590982220729C200757784 /* MemoModels.swift */ = {isa = PBXFileReference; lastKnownFileType = sourcecode.swift; path = MemoModels.swift; sourceTree = "<group>"; };
		95590983220729C200757784 /* MemoViewController.swift */ = {isa = PBXFileReference; lastKnownFileType = sourcecode.swift; path = MemoViewController.swift; sourceTree = "<group>"; };
		95590984220729C200757784 /* MemoProtocols.swift */ = {isa = PBXFileReference; lastKnownFileType = sourcecode.swift; path = MemoProtocols.swift; sourceTree = "<group>"; };
		95590985220729C200757784 /* MemoInteractor.swift */ = {isa = PBXFileReference; lastKnownFileType = sourcecode.swift; path = MemoInteractor.swift; sourceTree = "<group>"; };
		955909922207702E00757784 /* EditProfilePresenter.swift */ = {isa = PBXFileReference; lastKnownFileType = sourcecode.swift; path = EditProfilePresenter.swift; sourceTree = "<group>"; };
		955909932207702E00757784 /* EditProfileViewController.storyboard */ = {isa = PBXFileReference; lastKnownFileType = file.storyboard; path = EditProfileViewController.storyboard; sourceTree = "<group>"; };
		955909942207702E00757784 /* EditProfileModels.swift */ = {isa = PBXFileReference; lastKnownFileType = sourcecode.swift; path = EditProfileModels.swift; sourceTree = "<group>"; };
		955909952207702E00757784 /* EditProfileViewController.swift */ = {isa = PBXFileReference; lastKnownFileType = sourcecode.swift; path = EditProfileViewController.swift; sourceTree = "<group>"; };
		955909962207702E00757784 /* EditProfileProtocols.swift */ = {isa = PBXFileReference; lastKnownFileType = sourcecode.swift; path = EditProfileProtocols.swift; sourceTree = "<group>"; };
		955909972207702E00757784 /* EditProfileInteractor.swift */ = {isa = PBXFileReference; lastKnownFileType = sourcecode.swift; path = EditProfileInteractor.swift; sourceTree = "<group>"; };
		9581187E21FA1372002DFA43 /* ProfileCoordinator.swift */ = {isa = PBXFileReference; lastKnownFileType = sourcecode.swift; path = ProfileCoordinator.swift; sourceTree = "<group>"; };
		9581188021FA1382002DFA43 /* ProfileProtocols.swift */ = {isa = PBXFileReference; lastKnownFileType = sourcecode.swift; path = ProfileProtocols.swift; sourceTree = "<group>"; };
		9581188221FA13D5002DFA43 /* ProfilePresenter.swift */ = {isa = PBXFileReference; lastKnownFileType = sourcecode.swift; path = ProfilePresenter.swift; sourceTree = "<group>"; };
		9581188521FA2CF7002DFA43 /* SignupPresenter.swift */ = {isa = PBXFileReference; lastKnownFileType = sourcecode.swift; path = SignupPresenter.swift; sourceTree = "<group>"; };
		9581188621FA2CF7002DFA43 /* SignupViewController.storyboard */ = {isa = PBXFileReference; lastKnownFileType = file.storyboard; path = SignupViewController.storyboard; sourceTree = "<group>"; };
		9581188721FA2CF7002DFA43 /* SignupModels.swift */ = {isa = PBXFileReference; lastKnownFileType = sourcecode.swift; path = SignupModels.swift; sourceTree = "<group>"; };
		9581188821FA2CF7002DFA43 /* SignupViewController.swift */ = {isa = PBXFileReference; lastKnownFileType = sourcecode.swift; path = SignupViewController.swift; sourceTree = "<group>"; };
		9581188921FA2CF7002DFA43 /* SignupProtocols.swift */ = {isa = PBXFileReference; lastKnownFileType = sourcecode.swift; path = SignupProtocols.swift; sourceTree = "<group>"; };
		9581188A21FA2CF7002DFA43 /* SignupInteractor.swift */ = {isa = PBXFileReference; lastKnownFileType = sourcecode.swift; path = SignupInteractor.swift; sourceTree = "<group>"; };
		9581189121FA3025002DFA43 /* SignupCoordinator.swift */ = {isa = PBXFileReference; lastKnownFileType = sourcecode.swift; path = SignupCoordinator.swift; sourceTree = "<group>"; };
		9581189421FDE890002DFA43 /* ServerRepository.swift */ = {isa = PBXFileReference; lastKnownFileType = sourcecode.swift; path = ServerRepository.swift; sourceTree = "<group>"; };
		9581189621FDE999002DFA43 /* Constants.swift */ = {isa = PBXFileReference; lastKnownFileType = sourcecode.swift; path = Constants.swift; sourceTree = "<group>"; };
		9596178922089E740028BE93 /* EmptyView.xib */ = {isa = PBXFileReference; lastKnownFileType = file.xib; path = EmptyView.xib; sourceTree = "<group>"; };
		9596178B22089F0A0028BE93 /* EmptyView.swift */ = {isa = PBXFileReference; lastKnownFileType = sourcecode.swift; path = EmptyView.swift; sourceTree = "<group>"; };
		95D59031220B385A0021986A /* Error.swift */ = {isa = PBXFileReference; lastKnownFileType = sourcecode.swift; path = Error.swift; sourceTree = "<group>"; };
		95FDDCFF2205D03E00E44785 /* NotebookViewCell.swift */ = {isa = PBXFileReference; lastKnownFileType = sourcecode.swift; path = NotebookViewCell.swift; sourceTree = "<group>"; };
		95FDDD002205D03E00E44785 /* NotebookViewCell.xib */ = {isa = PBXFileReference; lastKnownFileType = file.xib; path = NotebookViewCell.xib; sourceTree = "<group>"; };
		D478DB767903BAE8302B9A5E /* Pods-StudyPadUITests.debug.xcconfig */ = {isa = PBXFileReference; includeInIndex = 1; lastKnownFileType = text.xcconfig; name = "Pods-StudyPadUITests.debug.xcconfig"; path = "Pods/Target Support Files/Pods-StudyPadUITests/Pods-StudyPadUITests.debug.xcconfig"; sourceTree = "<group>"; };
		EA30EBDCB9DB0851AC6A1448 /* Pods_StudyPadUITests.framework */ = {isa = PBXFileReference; explicitFileType = wrapper.framework; includeInIndex = 0; path = Pods_StudyPadUITests.framework; sourceTree = BUILT_PRODUCTS_DIR; };
/* End PBXFileReference section */

/* Begin PBXFrameworksBuildPhase section */
		9530FC4821EA4B27004DD256 /* Frameworks */ = {
			isa = PBXFrameworksBuildPhase;
			buildActionMask = 2147483647;
			files = (
				516C8313F41BA8E387C81CEA /* Pods_StudyPad.framework in Frameworks */,
			);
			runOnlyForDeploymentPostprocessing = 0;
		};
		9530FC5C21EA4B2A004DD256 /* Frameworks */ = {
			isa = PBXFrameworksBuildPhase;
			buildActionMask = 2147483647;
			files = (
				3E0B462167B6E47D7BF04CBC /* Pods_StudyPadTests.framework in Frameworks */,
			);
			runOnlyForDeploymentPostprocessing = 0;
		};
		9530FC6721EA4B2A004DD256 /* Frameworks */ = {
			isa = PBXFrameworksBuildPhase;
			buildActionMask = 2147483647;
			files = (
				BC41889BA65B8B5D23110F55 /* Pods_StudyPadUITests.framework in Frameworks */,
			);
			runOnlyForDeploymentPostprocessing = 0;
		};
/* End PBXFrameworksBuildPhase section */

/* Begin PBXGroup section */
		952952FA21F7728D00599603 /* NoteDetail */ = {
			isa = PBXGroup;
			children = (
				952952FB21F772A100599603 /* NoteDetailViewController.swift */,
				952952FD21F772B000599603 /* NoteDetailContract.swift */,
				952952FF21F772C100599603 /* NoteDetailCoordinator.swift */,
				9529530121F772ED00599603 /* NoteDetailPresenter.swift */,
				9529530321F7730300599603 /* NoteDetailViewController.storyboard */,
			);
			path = NoteDetail;
			sourceTree = "<group>";
		};
		9529530521F77F3900599603 /* NoteEdit */ = {
			isa = PBXGroup;
			children = (
				9529530621F77F7D00599603 /* NoteEditViewController.storyboard */,
				9529530821F77F9800599603 /* NoteEditViewController.swift */,
				9529530A21F77FB300599603 /* NoteEditPresenter.swift */,
				9529530C21F77FF000599603 /* NoteEditContract.swift */,
			);
			path = NoteEdit;
			sourceTree = "<group>";
		};
		9529530E21F8DEA800599603 /* Profile */ = {
			isa = PBXGroup;
			children = (
				9559099122076FC400757784 /* EditProfile */,
				952E2E6122062B6C00C456AF /* Cells */,
				9529530F21F8DEE700599603 /* ProfileViewController.storyboard */,
				9529531121F8DEFA00599603 /* ProfileViewController.swift */,
				9581187E21FA1372002DFA43 /* ProfileCoordinator.swift */,
				9581188021FA1382002DFA43 /* ProfileProtocols.swift */,
				9581188221FA13D5002DFA43 /* ProfilePresenter.swift */,
				955909612206FA6C00757784 /* ProfileModels.swift */,
			);
			path = Profile;
			sourceTree = "<group>";
		};
		952E2E6122062B6C00C456AF /* Cells */ = {
			isa = PBXGroup;
			children = (
				952E2E662206E9E800C456AF /* ProfileViewCell.swift */,
				952E2E672206E9E800C456AF /* ProfileViewCell.xib */,
			);
			path = Cells;
			sourceTree = "<group>";
		};
		9530FC4221EA4B27004DD256 = {
			isa = PBXGroup;
			children = (
				9530FC4D21EA4B27004DD256 /* StudyPad */,
				9530FC6221EA4B2A004DD256 /* StudyPadTests */,
				9530FC6D21EA4B2A004DD256 /* StudyPadUITests */,
				9530FC4C21EA4B27004DD256 /* Products */,
				DB837ECE1BEC15AA62B6E89F /* Pods */,
				F6A9E986C59F859E01566078 /* Frameworks */,
			);
			sourceTree = "<group>";
		};
		9530FC4C21EA4B27004DD256 /* Products */ = {
			isa = PBXGroup;
			children = (
				9530FC4B21EA4B27004DD256 /* StudyPad.app */,
				9530FC5F21EA4B2A004DD256 /* StudyPadTests.xctest */,
				9530FC6A21EA4B2A004DD256 /* StudyPadUITests.xctest */,
			);
			name = Products;
			sourceTree = "<group>";
		};
		9530FC4D21EA4B27004DD256 /* StudyPad */ = {
			isa = PBXGroup;
			children = (
				9530FC9321EA8D01004DD256 /* Scenes */,
				9530FC9021EA8AC9004DD256 /* Shared */,
				9530FC8221EA584C004DD256 /* Classes */,
				9530FC7D21EA50E8004DD256 /* Models */,
				9530FC5521EA4B2A004DD256 /* Assets.xcassets */,
				9530FC5721EA4B2A004DD256 /* LaunchScreen.storyboard */,
				9530FC5A21EA4B2A004DD256 /* Info.plist */,
				9530FC8B21EA7219004DD256 /* Extenstions.swift */,
			);
			path = StudyPad;
			sourceTree = "<group>";
		};
		9530FC6221EA4B2A004DD256 /* StudyPadTests */ = {
			isa = PBXGroup;
			children = (
				9530FC6321EA4B2A004DD256 /* StudyPadTests.swift */,
				9530FC6521EA4B2A004DD256 /* Info.plist */,
			);
			path = StudyPadTests;
			sourceTree = "<group>";
		};
		9530FC6D21EA4B2A004DD256 /* StudyPadUITests */ = {
			isa = PBXGroup;
			children = (
				9530FC6E21EA4B2A004DD256 /* StudyPadUITests.swift */,
				9530FC7021EA4B2A004DD256 /* Info.plist */,
			);
			path = StudyPadUITests;
			sourceTree = "<group>";
		};
		9530FC7D21EA50E8004DD256 /* Models */ = {
			isa = PBXGroup;
			children = (
				9530FC8021EA52F6004DD256 /* Notebook.swift */,
				9530FC8921EA6D83004DD256 /* Note.swift */,
				952952F821F7694B00599603 /* User.swift */,
				95D59031220B385A0021986A /* Error.swift */,
			);
			path = Models;
			sourceTree = "<group>";
		};
		9530FC7F21EA526E004DD256 /* NotebooksList */ = {
			isa = PBXGroup;
			children = (
				9529530521F77F3900599603 /* NoteEdit */,
				952952FA21F7728D00599603 /* NoteDetail */,
				955496C021F63E300081668F /* NotesList */,
				959AA69221EBC0D7001B28EF /* Cells */,
				9530FC9721EA9081004DD256 /* NotebooksCoordinator.swift */,
				9530FC9B21EA9311004DD256 /* NotebooksPresenter.swift */,
				9530FCA521EA9BF0004DD256 /* NotebooksViewController.swift */,
				9530FCA721EB4BEA004DD256 /* NotebooksViewController.storyboard */,
				955496BD21F624C00081668F /* NotebooksView.swift */,
			);
			path = NotebooksList;
			sourceTree = "<group>";
		};
		9530FC8221EA584C004DD256 /* Classes */ = {
			isa = PBXGroup;
			children = (
				9530FC4E21EA4B28004DD256 /* AppDelegate.swift */,
				9530FC8321EA5869004DD256 /* AppCoordinator.swift */,
				9530FC8521EA653B004DD256 /* Repositories.swift */,
				9530FC8721EA66B1004DD256 /* MockRepository.swift */,
				9530FC8D21EA7459004DD256 /* DependencyManager.swift */,
				955496D521F710860081668F /* UserManager.swift */,
				9581189421FDE890002DFA43 /* ServerRepository.swift */,
			);
			path = Classes;
			sourceTree = "<group>";
		};
		9530FC9021EA8AC9004DD256 /* Shared */ = {
			isa = PBXGroup;
			children = (
				9530FC9121EA8AE4004DD256 /* Coordinator.swift */,
				955496B921F6216C0081668F /* Presenter.swift */,
				955496BB21F622290081668F /* BaseView.swift */,
				9581189621FDE999002DFA43 /* Constants.swift */,
			);
			path = Shared;
			sourceTree = "<group>";
		};
		9530FC9321EA8D01004DD256 /* Scenes */ = {
			isa = PBXGroup;
			children = (
				9596178822089E5D0028BE93 /* Views */,
				955496D021F65FAD0081668F /* Onboarding */,
				9530FC9421EA8D10004DD256 /* Main */,
			);
			path = Scenes;
			sourceTree = "<group>";
		};
		9530FC9421EA8D10004DD256 /* Main */ = {
			isa = PBXGroup;
			children = (
				95590963220709C200757784 /* Challenges */,
				9529530E21F8DEA800599603 /* Profile */,
				9530FC7F21EA526E004DD256 /* NotebooksList */,
				9530FC9521EA8D2F004DD256 /* BottomNavCoordinator.swift */,
			);
			path = Main;
			sourceTree = "<group>";
		};
		955496C021F63E300081668F /* NotesList */ = {
			isa = PBXGroup;
			children = (
				955496CB21F650D00081668F /* Cells */,
				955496C121F63E560081668F /* NotesContract.swift */,
				955496C321F63EE30081668F /* NotesCoordinator.swift */,
				955496C521F63F230081668F /* NotesViewController.storyboard */,
				955496C721F63F520081668F /* NotesViewController.swift */,
				955496C921F63FD00081668F /* NotesPresenterImpl.swift */,
			);
			path = NotesList;
			sourceTree = "<group>";
		};
		955496CB21F650D00081668F /* Cells */ = {
			isa = PBXGroup;
			children = (
				955496CC21F651010081668F /* NoteViewCell.swift */,
				955496CD21F651010081668F /* NoteViewCell.xib */,
			);
			path = Cells;
			sourceTree = "<group>";
		};
		955496D021F65FAD0081668F /* Onboarding */ = {
			isa = PBXGroup;
			children = (
				9581189321FDE710002DFA43 /* Login */,
				9581188421FA2CDD002DFA43 /* SignUp */,
			);
			path = Onboarding;
			sourceTree = "<group>";
		};
		95590963220709C200757784 /* Challenges */ = {
			isa = PBXGroup;
			children = (
				9559097F2207293400757784 /* Memo */,
				95590972220717A300757784 /* NotebookSelection */,
				9559096422070A4E00757784 /* ChallengesOverviewCoordinator.swift */,
				9559096522070A4E00757784 /* ChallengesOverviewPresenter.swift */,
				9559096622070A4E00757784 /* ChallengesOverviewViewController.storyboard */,
				9559096722070A4E00757784 /* ChallengesOverviewModels.swift */,
				9559096822070A4E00757784 /* ChallengesOverviewViewController.swift */,
				9559096922070A4E00757784 /* ChallengesOverviewProtocols.swift */,
				9559096A22070A4E00757784 /* ChallengesOverviewInteractor.swift */,
			);
			path = Challenges;
			sourceTree = "<group>";
		};
		95590972220717A300757784 /* NotebookSelection */ = {
			isa = PBXGroup;
			children = (
				95590973220717C100757784 /* NotebookSelectionPresenter.swift */,
				95590974220717C100757784 /* NotebookSelectionViewController.storyboard */,
				95590975220717C100757784 /* NotebookSelectionModels.swift */,
				95590976220717C100757784 /* NotebookSelectionViewController.swift */,
				95590977220717C100757784 /* NotebookSelectionProtocols.swift */,
				95590978220717C100757784 /* NotebookSelectionInteractor.swift */,
			);
			path = NotebookSelection;
			sourceTree = "<group>";
		};
		9559097F2207293400757784 /* Memo */ = {
			isa = PBXGroup;
			children = (
				95590980220729C200757784 /* MemoPresenter.swift */,
				95590981220729C200757784 /* MemoViewController.storyboard */,
				95590982220729C200757784 /* MemoModels.swift */,
				95590983220729C200757784 /* MemoViewController.swift */,
				95590984220729C200757784 /* MemoProtocols.swift */,
				95590985220729C200757784 /* MemoInteractor.swift */,
			);
			path = Memo;
			sourceTree = "<group>";
		};
		9559099122076FC400757784 /* EditProfile */ = {
			isa = PBXGroup;
			children = (
				955909922207702E00757784 /* EditProfilePresenter.swift */,
				955909932207702E00757784 /* EditProfileViewController.storyboard */,
				955909942207702E00757784 /* EditProfileModels.swift */,
				955909952207702E00757784 /* EditProfileViewController.swift */,
				955909962207702E00757784 /* EditProfileProtocols.swift */,
				955909972207702E00757784 /* EditProfileInteractor.swift */,
			);
			path = EditProfile;
			sourceTree = "<group>";
		};
		9581188421FA2CDD002DFA43 /* SignUp */ = {
			isa = PBXGroup;
			children = (
				9581188521FA2CF7002DFA43 /* SignupPresenter.swift */,
				9581188621FA2CF7002DFA43 /* SignupViewController.storyboard */,
				9581188721FA2CF7002DFA43 /* SignupModels.swift */,
				9581188821FA2CF7002DFA43 /* SignupViewController.swift */,
				9581188921FA2CF7002DFA43 /* SignupProtocols.swift */,
				9581188A21FA2CF7002DFA43 /* SignupInteractor.swift */,
				9581189121FA3025002DFA43 /* SignupCoordinator.swift */,
			);
			path = SignUp;
			sourceTree = "<group>";
		};
		9581189321FDE710002DFA43 /* Login */ = {
			isa = PBXGroup;
			children = (
				955496D121F65FCC0081668F /* LoginViewController.storyboard */,
				955496D321F660C90081668F /* LoginViewController.swift */,
				955496D721F712260081668F /* LoginCoordinator.swift */,
				955496D921F718B50081668F /* LoginContract.swift */,
				955496DB21F718E80081668F /* LoginPresenter.swift */,
			);
			path = Login;
			sourceTree = "<group>";
		};
		9596178822089E5D0028BE93 /* Views */ = {
			isa = PBXGroup;
			children = (
				9596178922089E740028BE93 /* EmptyView.xib */,
				9596178B22089F0A0028BE93 /* EmptyView.swift */,
			);
			path = Views;
			sourceTree = "<group>";
		};
		959AA69221EBC0D7001B28EF /* Cells */ = {
			isa = PBXGroup;
			children = (
				952E2E5F220600DF00C456AF /* GradientView.swift */,
				95FDDCFF2205D03E00E44785 /* NotebookViewCell.swift */,
				95FDDD002205D03E00E44785 /* NotebookViewCell.xib */,
			);
			path = Cells;
			sourceTree = "<group>";
		};
		DB837ECE1BEC15AA62B6E89F /* Pods */ = {
			isa = PBXGroup;
			children = (
				653AD19DEC121055073B4977 /* Pods-StudyPad.debug.xcconfig */,
				94CC7A680369EB0E4C4F79FE /* Pods-StudyPad.release.xcconfig */,
				799C94F403BBE22D5C838C54 /* Pods-StudyPadTests.debug.xcconfig */,
				3B9298F618126F63FE3D7F5C /* Pods-StudyPadTests.release.xcconfig */,
				D478DB767903BAE8302B9A5E /* Pods-StudyPadUITests.debug.xcconfig */,
				6506F9A755856C6FF723BAC0 /* Pods-StudyPadUITests.release.xcconfig */,
			);
			name = Pods;
			sourceTree = "<group>";
		};
		F6A9E986C59F859E01566078 /* Frameworks */ = {
			isa = PBXGroup;
			children = (
				9159DB616815EE7AD79EE931 /* Pods_StudyPad.framework */,
				85956D0667F2ABEDF965B399 /* Pods_StudyPadTests.framework */,
				EA30EBDCB9DB0851AC6A1448 /* Pods_StudyPadUITests.framework */,
			);
			name = Frameworks;
			sourceTree = "<group>";
		};
/* End PBXGroup section */

/* Begin PBXNativeTarget section */
		9530FC4A21EA4B27004DD256 /* StudyPad */ = {
			isa = PBXNativeTarget;
			buildConfigurationList = 9530FC7321EA4B2A004DD256 /* Build configuration list for PBXNativeTarget "StudyPad" */;
			buildPhases = (
				65D5133FE95D4F6A416252CE /* [CP] Check Pods Manifest.lock */,
				9530FC4721EA4B27004DD256 /* Sources */,
				9530FC4821EA4B27004DD256 /* Frameworks */,
				9530FC4921EA4B27004DD256 /* Resources */,
				248F86BBD418CED5CA7A19AA /* [CP] Embed Pods Frameworks */,
			);
			buildRules = (
			);
			dependencies = (
			);
			name = StudyPad;
			productName = StudyPad;
			productReference = 9530FC4B21EA4B27004DD256 /* StudyPad.app */;
			productType = "com.apple.product-type.application";
		};
		9530FC5E21EA4B2A004DD256 /* StudyPadTests */ = {
			isa = PBXNativeTarget;
			buildConfigurationList = 9530FC7621EA4B2A004DD256 /* Build configuration list for PBXNativeTarget "StudyPadTests" */;
			buildPhases = (
				D45B4ECE99282DB3CA40423A /* [CP] Check Pods Manifest.lock */,
				9530FC5B21EA4B2A004DD256 /* Sources */,
				9530FC5C21EA4B2A004DD256 /* Frameworks */,
				9530FC5D21EA4B2A004DD256 /* Resources */,
			);
			buildRules = (
			);
			dependencies = (
				9530FC6121EA4B2A004DD256 /* PBXTargetDependency */,
			);
			name = StudyPadTests;
			productName = StudyPadTests;
			productReference = 9530FC5F21EA4B2A004DD256 /* StudyPadTests.xctest */;
			productType = "com.apple.product-type.bundle.unit-test";
		};
		9530FC6921EA4B2A004DD256 /* StudyPadUITests */ = {
			isa = PBXNativeTarget;
			buildConfigurationList = 9530FC7921EA4B2A004DD256 /* Build configuration list for PBXNativeTarget "StudyPadUITests" */;
			buildPhases = (
				E5AD0CC21EED55C4B62FCD21 /* [CP] Check Pods Manifest.lock */,
				9530FC6621EA4B2A004DD256 /* Sources */,
				9530FC6721EA4B2A004DD256 /* Frameworks */,
				9530FC6821EA4B2A004DD256 /* Resources */,
			);
			buildRules = (
			);
			dependencies = (
				9530FC6C21EA4B2A004DD256 /* PBXTargetDependency */,
			);
			name = StudyPadUITests;
			productName = StudyPadUITests;
			productReference = 9530FC6A21EA4B2A004DD256 /* StudyPadUITests.xctest */;
			productType = "com.apple.product-type.bundle.ui-testing";
		};
/* End PBXNativeTarget section */

/* Begin PBXProject section */
		9530FC4321EA4B27004DD256 /* Project object */ = {
			isa = PBXProject;
			attributes = {
				LastSwiftUpdateCheck = 1010;
				LastUpgradeCheck = 1010;
				ORGANIZATIONNAME = "Roman Levinzon";
				TargetAttributes = {
					9530FC4A21EA4B27004DD256 = {
						CreatedOnToolsVersion = 10.1;
					};
					9530FC5E21EA4B2A004DD256 = {
						CreatedOnToolsVersion = 10.1;
						TestTargetID = 9530FC4A21EA4B27004DD256;
					};
					9530FC6921EA4B2A004DD256 = {
						CreatedOnToolsVersion = 10.1;
						TestTargetID = 9530FC4A21EA4B27004DD256;
					};
				};
			};
			buildConfigurationList = 9530FC4621EA4B27004DD256 /* Build configuration list for PBXProject "StudyPad" */;
			compatibilityVersion = "Xcode 9.3";
			developmentRegion = en;
			hasScannedForEncodings = 0;
			knownRegions = (
				en,
				Base,
			);
			mainGroup = 9530FC4221EA4B27004DD256;
			productRefGroup = 9530FC4C21EA4B27004DD256 /* Products */;
			projectDirPath = "";
			projectRoot = "";
			targets = (
				9530FC4A21EA4B27004DD256 /* StudyPad */,
				9530FC5E21EA4B2A004DD256 /* StudyPadTests */,
				9530FC6921EA4B2A004DD256 /* StudyPadUITests */,
			);
		};
/* End PBXProject section */

/* Begin PBXResourcesBuildPhase section */
		9530FC4921EA4B27004DD256 /* Resources */ = {
			isa = PBXResourcesBuildPhase;
			buildActionMask = 2147483647;
			files = (
				9529530421F7730300599603 /* NoteDetailViewController.storyboard in Resources */,
				955909992207702E00757784 /* EditProfileViewController.storyboard in Resources */,
				95590987220729C200757784 /* MemoViewController.storyboard in Resources */,
				95FDDD022205D03E00E44785 /* NotebookViewCell.xib in Resources */,
				955496CF21F651010081668F /* NoteViewCell.xib in Resources */,
				9559097A220717C100757784 /* NotebookSelectionViewController.storyboard in Resources */,
				9530FCA821EB4BEA004DD256 /* NotebooksViewController.storyboard in Resources */,
				9581188C21FA2CF7002DFA43 /* SignupViewController.storyboard in Resources */,
				9596178A22089E740028BE93 /* EmptyView.xib in Resources */,
				9530FC5921EA4B2A004DD256 /* LaunchScreen.storyboard in Resources */,
				9530FC5621EA4B2A004DD256 /* Assets.xcassets in Resources */,
				9559096D22070A4E00757784 /* ChallengesOverviewViewController.storyboard in Resources */,
				955496D221F65FCC0081668F /* LoginViewController.storyboard in Resources */,
				952E2E692206E9E800C456AF /* ProfileViewCell.xib in Resources */,
				9529530721F77F7D00599603 /* NoteEditViewController.storyboard in Resources */,
				9529531021F8DEE700599603 /* ProfileViewController.storyboard in Resources */,
				955496C621F63F230081668F /* NotesViewController.storyboard in Resources */,
			);
			runOnlyForDeploymentPostprocessing = 0;
		};
		9530FC5D21EA4B2A004DD256 /* Resources */ = {
			isa = PBXResourcesBuildPhase;
			buildActionMask = 2147483647;
			files = (
			);
			runOnlyForDeploymentPostprocessing = 0;
		};
		9530FC6821EA4B2A004DD256 /* Resources */ = {
			isa = PBXResourcesBuildPhase;
			buildActionMask = 2147483647;
			files = (
			);
			runOnlyForDeploymentPostprocessing = 0;
		};
/* End PBXResourcesBuildPhase section */

/* Begin PBXShellScriptBuildPhase section */
		248F86BBD418CED5CA7A19AA /* [CP] Embed Pods Frameworks */ = {
			isa = PBXShellScriptBuildPhase;
			buildActionMask = 2147483647;
			files = (
			);
			inputPaths = (
				"${SRCROOT}/Pods/Target Support Files/Pods-StudyPad/Pods-StudyPad-frameworks.sh",
				"${BUILT_PRODUCTS_DIR}/Alamofire/Alamofire.framework",
				"${BUILT_PRODUCTS_DIR}/AlamofireNetworkActivityLogger/AlamofireNetworkActivityLogger.framework",
				"${BUILT_PRODUCTS_DIR}/Bolts/Bolts.framework",
				"${BUILT_PRODUCTS_DIR}/FBSDKCoreKit/FBSDKCoreKit.framework",
				"${BUILT_PRODUCTS_DIR}/FBSDKLoginKit/FBSDKLoginKit.framework",
				"${BUILT_PRODUCTS_DIR}/FacebookCore/FacebookCore.framework",
				"${BUILT_PRODUCTS_DIR}/FacebookLogin/FacebookLogin.framework",
				"${BUILT_PRODUCTS_DIR}/Floaty/Floaty.framework",
				"${BUILT_PRODUCTS_DIR}/MaterialComponents/MaterialComponents.framework",
				"${BUILT_PRODUCTS_DIR}/Reusable/Reusable.framework",
				"${BUILT_PRODUCTS_DIR}/RxAtomic/RxAtomic.framework",
				"${BUILT_PRODUCTS_DIR}/RxCocoa/RxCocoa.framework",
				"${BUILT_PRODUCTS_DIR}/RxSwift/RxSwift.framework",
				"${BUILT_PRODUCTS_DIR}/SnapKit/SnapKit.framework",
				"${BUILT_PRODUCTS_DIR}/UITextView+Placeholder/UITextView_Placeholder.framework",
			);
			name = "[CP] Embed Pods Frameworks";
			outputPaths = (
				"${TARGET_BUILD_DIR}/${FRAMEWORKS_FOLDER_PATH}/Alamofire.framework",
				"${TARGET_BUILD_DIR}/${FRAMEWORKS_FOLDER_PATH}/AlamofireNetworkActivityLogger.framework",
				"${TARGET_BUILD_DIR}/${FRAMEWORKS_FOLDER_PATH}/Bolts.framework",
				"${TARGET_BUILD_DIR}/${FRAMEWORKS_FOLDER_PATH}/FBSDKCoreKit.framework",
				"${TARGET_BUILD_DIR}/${FRAMEWORKS_FOLDER_PATH}/FBSDKLoginKit.framework",
				"${TARGET_BUILD_DIR}/${FRAMEWORKS_FOLDER_PATH}/FacebookCore.framework",
				"${TARGET_BUILD_DIR}/${FRAMEWORKS_FOLDER_PATH}/FacebookLogin.framework",
				"${TARGET_BUILD_DIR}/${FRAMEWORKS_FOLDER_PATH}/Floaty.framework",
				"${TARGET_BUILD_DIR}/${FRAMEWORKS_FOLDER_PATH}/MaterialComponents.framework",
				"${TARGET_BUILD_DIR}/${FRAMEWORKS_FOLDER_PATH}/Reusable.framework",
				"${TARGET_BUILD_DIR}/${FRAMEWORKS_FOLDER_PATH}/RxAtomic.framework",
				"${TARGET_BUILD_DIR}/${FRAMEWORKS_FOLDER_PATH}/RxCocoa.framework",
				"${TARGET_BUILD_DIR}/${FRAMEWORKS_FOLDER_PATH}/RxSwift.framework",
				"${TARGET_BUILD_DIR}/${FRAMEWORKS_FOLDER_PATH}/SnapKit.framework",
				"${TARGET_BUILD_DIR}/${FRAMEWORKS_FOLDER_PATH}/UITextView_Placeholder.framework",
			);
			runOnlyForDeploymentPostprocessing = 0;
			shellPath = /bin/sh;
			shellScript = "\"${SRCROOT}/Pods/Target Support Files/Pods-StudyPad/Pods-StudyPad-frameworks.sh\"\n";
			showEnvVarsInLog = 0;
		};
		65D5133FE95D4F6A416252CE /* [CP] Check Pods Manifest.lock */ = {
			isa = PBXShellScriptBuildPhase;
			buildActionMask = 2147483647;
			files = (
			);
			inputPaths = (
				"${PODS_PODFILE_DIR_PATH}/Podfile.lock",
				"${PODS_ROOT}/Manifest.lock",
			);
			name = "[CP] Check Pods Manifest.lock";
			outputPaths = (
				"$(DERIVED_FILE_DIR)/Pods-StudyPad-checkManifestLockResult.txt",
			);
			runOnlyForDeploymentPostprocessing = 0;
			shellPath = /bin/sh;
			shellScript = "diff \"${PODS_PODFILE_DIR_PATH}/Podfile.lock\" \"${PODS_ROOT}/Manifest.lock\" > /dev/null\nif [ $? != 0 ] ; then\n    # print error to STDERR\n    echo \"error: The sandbox is not in sync with the Podfile.lock. Run 'pod install' or update your CocoaPods installation.\" >&2\n    exit 1\nfi\n# This output is used by Xcode 'outputs' to avoid re-running this script phase.\necho \"SUCCESS\" > \"${SCRIPT_OUTPUT_FILE_0}\"\n";
			showEnvVarsInLog = 0;
		};
		D45B4ECE99282DB3CA40423A /* [CP] Check Pods Manifest.lock */ = {
			isa = PBXShellScriptBuildPhase;
			buildActionMask = 2147483647;
			files = (
			);
			inputPaths = (
				"${PODS_PODFILE_DIR_PATH}/Podfile.lock",
				"${PODS_ROOT}/Manifest.lock",
			);
			name = "[CP] Check Pods Manifest.lock";
			outputPaths = (
				"$(DERIVED_FILE_DIR)/Pods-StudyPadTests-checkManifestLockResult.txt",
			);
			runOnlyForDeploymentPostprocessing = 0;
			shellPath = /bin/sh;
			shellScript = "diff \"${PODS_PODFILE_DIR_PATH}/Podfile.lock\" \"${PODS_ROOT}/Manifest.lock\" > /dev/null\nif [ $? != 0 ] ; then\n    # print error to STDERR\n    echo \"error: The sandbox is not in sync with the Podfile.lock. Run 'pod install' or update your CocoaPods installation.\" >&2\n    exit 1\nfi\n# This output is used by Xcode 'outputs' to avoid re-running this script phase.\necho \"SUCCESS\" > \"${SCRIPT_OUTPUT_FILE_0}\"\n";
			showEnvVarsInLog = 0;
		};
		E5AD0CC21EED55C4B62FCD21 /* [CP] Check Pods Manifest.lock */ = {
			isa = PBXShellScriptBuildPhase;
			buildActionMask = 2147483647;
			files = (
			);
			inputPaths = (
				"${PODS_PODFILE_DIR_PATH}/Podfile.lock",
				"${PODS_ROOT}/Manifest.lock",
			);
			name = "[CP] Check Pods Manifest.lock";
			outputPaths = (
				"$(DERIVED_FILE_DIR)/Pods-StudyPadUITests-checkManifestLockResult.txt",
			);
			runOnlyForDeploymentPostprocessing = 0;
			shellPath = /bin/sh;
			shellScript = "diff \"${PODS_PODFILE_DIR_PATH}/Podfile.lock\" \"${PODS_ROOT}/Manifest.lock\" > /dev/null\nif [ $? != 0 ] ; then\n    # print error to STDERR\n    echo \"error: The sandbox is not in sync with the Podfile.lock. Run 'pod install' or update your CocoaPods installation.\" >&2\n    exit 1\nfi\n# This output is used by Xcode 'outputs' to avoid re-running this script phase.\necho \"SUCCESS\" > \"${SCRIPT_OUTPUT_FILE_0}\"\n";
			showEnvVarsInLog = 0;
		};
/* End PBXShellScriptBuildPhase section */

/* Begin PBXSourcesBuildPhase section */
		9530FC4721EA4B27004DD256 /* Sources */ = {
			isa = PBXSourcesBuildPhase;
			buildActionMask = 2147483647;
			files = (
				95590989220729C200757784 /* MemoViewController.swift in Sources */,
				952952FC21F772A100599603 /* NoteDetailViewController.swift in Sources */,
				9529530021F772C100599603 /* NoteDetailCoordinator.swift in Sources */,
				9559099D2207702E00757784 /* EditProfileInteractor.swift in Sources */,
				9530FC8C21EA7219004DD256 /* Extenstions.swift in Sources */,
				9530FC8421EA5869004DD256 /* AppCoordinator.swift in Sources */,
				955496BE21F624C00081668F /* NotebooksView.swift in Sources */,
				9559097C220717C100757784 /* NotebookSelectionViewController.swift in Sources */,
				9559096F22070A4E00757784 /* ChallengesOverviewViewController.swift in Sources */,
				95D59032220B385A0021986A /* Error.swift in Sources */,
				9559096B22070A4E00757784 /* ChallengesOverviewCoordinator.swift in Sources */,
				955496D421F660C90081668F /* LoginViewController.swift in Sources */,
				9581188B21FA2CF7002DFA43 /* SignupPresenter.swift in Sources */,
				9529531221F8DEFA00599603 /* ProfileViewController.swift in Sources */,
				9581188121FA1382002DFA43 /* ProfileProtocols.swift in Sources */,
				9581188F21FA2CF7002DFA43 /* SignupProtocols.swift in Sources */,
				9530FC9221EA8AE4004DD256 /* Coordinator.swift in Sources */,
				9530FC8821EA66B1004DD256 /* MockRepository.swift in Sources */,
				955496D621F710860081668F /* UserManager.swift in Sources */,
				955909622206FA6C00757784 /* ProfileModels.swift in Sources */,
				9529530921F77F9800599603 /* NoteEditViewController.swift in Sources */,
				9581189021FA2CF7002DFA43 /* SignupInteractor.swift in Sources */,
				9559098A220729C200757784 /* MemoProtocols.swift in Sources */,
				9530FC8A21EA6D83004DD256 /* Note.swift in Sources */,
				955909982207702E00757784 /* EditProfilePresenter.swift in Sources */,
				9530FC9621EA8D2F004DD256 /* BottomNavCoordinator.swift in Sources */,
				9530FC8621EA653B004DD256 /* Repositories.swift in Sources */,
				9530FC9C21EA9311004DD256 /* NotebooksPresenter.swift in Sources */,
				9581188D21FA2CF7002DFA43 /* SignupModels.swift in Sources */,
				9596178C22089F0A0028BE93 /* EmptyView.swift in Sources */,
				9530FC8121EA52F6004DD256 /* Notebook.swift in Sources */,
				955496DC21F718E80081668F /* LoginPresenter.swift in Sources */,
				955496BA21F6216C0081668F /* Presenter.swift in Sources */,
				9530FCA621EA9BF0004DD256 /* NotebooksViewController.swift in Sources */,
				952E2E682206E9E800C456AF /* ProfileViewCell.swift in Sources */,
				9581189721FDE999002DFA43 /* Constants.swift in Sources */,
				9530FC9821EA9081004DD256 /* NotebooksCoordinator.swift in Sources */,
				955496DA21F718B50081668F /* LoginContract.swift in Sources */,
				952952FE21F772B000599603 /* NoteDetailContract.swift in Sources */,
				9581187F21FA1372002DFA43 /* ProfileCoordinator.swift in Sources */,
				9529530221F772ED00599603 /* NoteDetailPresenter.swift in Sources */,
				9530FC8E21EA7459004DD256 /* DependencyManager.swift in Sources */,
				955496D821F712260081668F /* LoginCoordinator.swift in Sources */,
				9581189521FDE890002DFA43 /* ServerRepository.swift in Sources */,
				9559097D220717C100757784 /* NotebookSelectionProtocols.swift in Sources */,
				952952F921F7694B00599603 /* User.swift in Sources */,
				9559098B220729C200757784 /* MemoInteractor.swift in Sources */,
				9529530B21F77FB300599603 /* NoteEditPresenter.swift in Sources */,
				9559099C2207702E00757784 /* EditProfileProtocols.swift in Sources */,
				955496C221F63E560081668F /* NotesContract.swift in Sources */,
				95590979220717C100757784 /* NotebookSelectionPresenter.swift in Sources */,
				9559097022070A4E00757784 /* ChallengesOverviewProtocols.swift in Sources */,
				9559097122070A4E00757784 /* ChallengesOverviewInteractor.swift in Sources */,
				9529530D21F77FF000599603 /* NoteEditContract.swift in Sources */,
				9559097E220717C100757784 /* NotebookSelectionInteractor.swift in Sources */,
				955496CE21F651010081668F /* NoteViewCell.swift in Sources */,
				952E2E60220600DF00C456AF /* GradientView.swift in Sources */,
				95FDDD012205D03E00E44785 /* NotebookViewCell.swift in Sources */,
				95590986220729C200757784 /* MemoPresenter.swift in Sources */,
				9581189221FA3025002DFA43 /* SignupCoordinator.swift in Sources */,
				9559099B2207702E00757784 /* EditProfileViewController.swift in Sources */,
				955496C821F63F520081668F /* NotesViewController.swift in Sources */,
				9559096E22070A4E00757784 /* ChallengesOverviewModels.swift in Sources */,
				9581188E21FA2CF7002DFA43 /* SignupViewController.swift in Sources */,
				9559097B220717C100757784 /* NotebookSelectionModels.swift in Sources */,
				955496C421F63EE30081668F /* NotesCoordinator.swift in Sources */,
				9559096C22070A4E00757784 /* ChallengesOverviewPresenter.swift in Sources */,
				955496CA21F63FD00081668F /* NotesPresenterImpl.swift in Sources */,
				95590988220729C200757784 /* MemoModels.swift in Sources */,
				9581188321FA13D5002DFA43 /* ProfilePresenter.swift in Sources */,
				9559099A2207702E00757784 /* EditProfileModels.swift in Sources */,
				9530FC4F21EA4B28004DD256 /* AppDelegate.swift in Sources */,
				955496BC21F622290081668F /* BaseView.swift in Sources */,
			);
			runOnlyForDeploymentPostprocessing = 0;
		};
		9530FC5B21EA4B2A004DD256 /* Sources */ = {
			isa = PBXSourcesBuildPhase;
			buildActionMask = 2147483647;
			files = (
				9530FC6421EA4B2A004DD256 /* StudyPadTests.swift in Sources */,
			);
			runOnlyForDeploymentPostprocessing = 0;
		};
		9530FC6621EA4B2A004DD256 /* Sources */ = {
			isa = PBXSourcesBuildPhase;
			buildActionMask = 2147483647;
			files = (
				9530FC6F21EA4B2A004DD256 /* StudyPadUITests.swift in Sources */,
			);
			runOnlyForDeploymentPostprocessing = 0;
		};
/* End PBXSourcesBuildPhase section */

/* Begin PBXTargetDependency section */
		9530FC6121EA4B2A004DD256 /* PBXTargetDependency */ = {
			isa = PBXTargetDependency;
			target = 9530FC4A21EA4B27004DD256 /* StudyPad */;
			targetProxy = 9530FC6021EA4B2A004DD256 /* PBXContainerItemProxy */;
		};
		9530FC6C21EA4B2A004DD256 /* PBXTargetDependency */ = {
			isa = PBXTargetDependency;
			target = 9530FC4A21EA4B27004DD256 /* StudyPad */;
			targetProxy = 9530FC6B21EA4B2A004DD256 /* PBXContainerItemProxy */;
		};
/* End PBXTargetDependency section */

/* Begin PBXVariantGroup section */
		9530FC5721EA4B2A004DD256 /* LaunchScreen.storyboard */ = {
			isa = PBXVariantGroup;
			children = (
				9530FC5821EA4B2A004DD256 /* Base */,
			);
			name = LaunchScreen.storyboard;
			sourceTree = "<group>";
		};
/* End PBXVariantGroup section */

/* Begin XCBuildConfiguration section */
		9530FC7121EA4B2A004DD256 /* Debug */ = {
			isa = XCBuildConfiguration;
			buildSettings = {
				ALWAYS_SEARCH_USER_PATHS = NO;
				CLANG_ANALYZER_NONNULL = YES;
				CLANG_ANALYZER_NUMBER_OBJECT_CONVERSION = YES_AGGRESSIVE;
				CLANG_CXX_LANGUAGE_STANDARD = "gnu++14";
				CLANG_CXX_LIBRARY = "libc++";
				CLANG_ENABLE_MODULES = YES;
				CLANG_ENABLE_OBJC_ARC = YES;
				CLANG_ENABLE_OBJC_WEAK = YES;
				CLANG_WARN_BLOCK_CAPTURE_AUTORELEASING = YES;
				CLANG_WARN_BOOL_CONVERSION = YES;
				CLANG_WARN_COMMA = YES;
				CLANG_WARN_CONSTANT_CONVERSION = YES;
				CLANG_WARN_DEPRECATED_OBJC_IMPLEMENTATIONS = YES;
				CLANG_WARN_DIRECT_OBJC_ISA_USAGE = YES_ERROR;
				CLANG_WARN_DOCUMENTATION_COMMENTS = YES;
				CLANG_WARN_EMPTY_BODY = YES;
				CLANG_WARN_ENUM_CONVERSION = YES;
				CLANG_WARN_INFINITE_RECURSION = YES;
				CLANG_WARN_INT_CONVERSION = YES;
				CLANG_WARN_NON_LITERAL_NULL_CONVERSION = YES;
				CLANG_WARN_OBJC_IMPLICIT_RETAIN_SELF = YES;
				CLANG_WARN_OBJC_LITERAL_CONVERSION = YES;
				CLANG_WARN_OBJC_ROOT_CLASS = YES_ERROR;
				CLANG_WARN_RANGE_LOOP_ANALYSIS = YES;
				CLANG_WARN_STRICT_PROTOTYPES = YES;
				CLANG_WARN_SUSPICIOUS_MOVE = YES;
				CLANG_WARN_UNGUARDED_AVAILABILITY = YES_AGGRESSIVE;
				CLANG_WARN_UNREACHABLE_CODE = YES;
				CLANG_WARN__DUPLICATE_METHOD_MATCH = YES;
				CODE_SIGN_IDENTITY = "iPhone Developer";
				COPY_PHASE_STRIP = NO;
				DEBUG_INFORMATION_FORMAT = dwarf;
				ENABLE_STRICT_OBJC_MSGSEND = YES;
				ENABLE_TESTABILITY = YES;
				GCC_C_LANGUAGE_STANDARD = gnu11;
				GCC_DYNAMIC_NO_PIC = NO;
				GCC_NO_COMMON_BLOCKS = YES;
				GCC_OPTIMIZATION_LEVEL = 0;
				GCC_PREPROCESSOR_DEFINITIONS = (
					"DEBUG=1",
					"$(inherited)",
				);
				GCC_WARN_64_TO_32_BIT_CONVERSION = YES;
				GCC_WARN_ABOUT_RETURN_TYPE = YES_ERROR;
				GCC_WARN_UNDECLARED_SELECTOR = YES;
				GCC_WARN_UNINITIALIZED_AUTOS = YES_AGGRESSIVE;
				GCC_WARN_UNUSED_FUNCTION = YES;
				GCC_WARN_UNUSED_VARIABLE = YES;
				IPHONEOS_DEPLOYMENT_TARGET = 12.1;
				MTL_ENABLE_DEBUG_INFO = INCLUDE_SOURCE;
				MTL_FAST_MATH = YES;
				ONLY_ACTIVE_ARCH = YES;
				SDKROOT = iphoneos;
				SWIFT_ACTIVE_COMPILATION_CONDITIONS = DEBUG;
				SWIFT_OPTIMIZATION_LEVEL = "-Onone";
			};
			name = Debug;
		};
		9530FC7221EA4B2A004DD256 /* Release */ = {
			isa = XCBuildConfiguration;
			buildSettings = {
				ALWAYS_SEARCH_USER_PATHS = NO;
				CLANG_ANALYZER_NONNULL = YES;
				CLANG_ANALYZER_NUMBER_OBJECT_CONVERSION = YES_AGGRESSIVE;
				CLANG_CXX_LANGUAGE_STANDARD = "gnu++14";
				CLANG_CXX_LIBRARY = "libc++";
				CLANG_ENABLE_MODULES = YES;
				CLANG_ENABLE_OBJC_ARC = YES;
				CLANG_ENABLE_OBJC_WEAK = YES;
				CLANG_WARN_BLOCK_CAPTURE_AUTORELEASING = YES;
				CLANG_WARN_BOOL_CONVERSION = YES;
				CLANG_WARN_COMMA = YES;
				CLANG_WARN_CONSTANT_CONVERSION = YES;
				CLANG_WARN_DEPRECATED_OBJC_IMPLEMENTATIONS = YES;
				CLANG_WARN_DIRECT_OBJC_ISA_USAGE = YES_ERROR;
				CLANG_WARN_DOCUMENTATION_COMMENTS = YES;
				CLANG_WARN_EMPTY_BODY = YES;
				CLANG_WARN_ENUM_CONVERSION = YES;
				CLANG_WARN_INFINITE_RECURSION = YES;
				CLANG_WARN_INT_CONVERSION = YES;
				CLANG_WARN_NON_LITERAL_NULL_CONVERSION = YES;
				CLANG_WARN_OBJC_IMPLICIT_RETAIN_SELF = YES;
				CLANG_WARN_OBJC_LITERAL_CONVERSION = YES;
				CLANG_WARN_OBJC_ROOT_CLASS = YES_ERROR;
				CLANG_WARN_RANGE_LOOP_ANALYSIS = YES;
				CLANG_WARN_STRICT_PROTOTYPES = YES;
				CLANG_WARN_SUSPICIOUS_MOVE = YES;
				CLANG_WARN_UNGUARDED_AVAILABILITY = YES_AGGRESSIVE;
				CLANG_WARN_UNREACHABLE_CODE = YES;
				CLANG_WARN__DUPLICATE_METHOD_MATCH = YES;
				CODE_SIGN_IDENTITY = "iPhone Developer";
				COPY_PHASE_STRIP = NO;
				DEBUG_INFORMATION_FORMAT = "dwarf-with-dsym";
				ENABLE_NS_ASSERTIONS = NO;
				ENABLE_STRICT_OBJC_MSGSEND = YES;
				GCC_C_LANGUAGE_STANDARD = gnu11;
				GCC_NO_COMMON_BLOCKS = YES;
				GCC_WARN_64_TO_32_BIT_CONVERSION = YES;
				GCC_WARN_ABOUT_RETURN_TYPE = YES_ERROR;
				GCC_WARN_UNDECLARED_SELECTOR = YES;
				GCC_WARN_UNINITIALIZED_AUTOS = YES_AGGRESSIVE;
				GCC_WARN_UNUSED_FUNCTION = YES;
				GCC_WARN_UNUSED_VARIABLE = YES;
				IPHONEOS_DEPLOYMENT_TARGET = 12.1;
				MTL_ENABLE_DEBUG_INFO = NO;
				MTL_FAST_MATH = YES;
				SDKROOT = iphoneos;
				SWIFT_COMPILATION_MODE = wholemodule;
				SWIFT_OPTIMIZATION_LEVEL = "-O";
				VALIDATE_PRODUCT = YES;
			};
			name = Release;
		};
		9530FC7421EA4B2A004DD256 /* Debug */ = {
			isa = XCBuildConfiguration;
			baseConfigurationReference = 653AD19DEC121055073B4977 /* Pods-StudyPad.debug.xcconfig */;
			buildSettings = {
				ASSETCATALOG_COMPILER_APPICON_NAME = AppIcon;
				CODE_SIGN_STYLE = Automatic;
				DEVELOPMENT_TEAM = GZ295Z5M8M;
				INFOPLIST_FILE = StudyPad/Info.plist;
				LD_RUNPATH_SEARCH_PATHS = (
					"$(inherited)",
					"@executable_path/Frameworks",
				);
				PRODUCT_BUNDLE_IDENTIFIER = cz.levinzonr.StudyPad;
				PRODUCT_NAME = "$(TARGET_NAME)";
				SWIFT_VERSION = 4.2;
				TARGETED_DEVICE_FAMILY = "1,2";
			};
			name = Debug;
		};
		9530FC7521EA4B2A004DD256 /* Release */ = {
			isa = XCBuildConfiguration;
			baseConfigurationReference = 94CC7A680369EB0E4C4F79FE /* Pods-StudyPad.release.xcconfig */;
			buildSettings = {
				ASSETCATALOG_COMPILER_APPICON_NAME = AppIcon;
				CODE_SIGN_STYLE = Automatic;
				DEVELOPMENT_TEAM = GZ295Z5M8M;
				INFOPLIST_FILE = StudyPad/Info.plist;
				LD_RUNPATH_SEARCH_PATHS = (
					"$(inherited)",
					"@executable_path/Frameworks",
				);
				PRODUCT_BUNDLE_IDENTIFIER = cz.levinzonr.StudyPad;
				PRODUCT_NAME = "$(TARGET_NAME)";
				SWIFT_VERSION = 4.2;
				TARGETED_DEVICE_FAMILY = "1,2";
			};
			name = Release;
		};
		9530FC7721EA4B2A004DD256 /* Debug */ = {
			isa = XCBuildConfiguration;
			baseConfigurationReference = 799C94F403BBE22D5C838C54 /* Pods-StudyPadTests.debug.xcconfig */;
			buildSettings = {
				ALWAYS_EMBED_SWIFT_STANDARD_LIBRARIES = YES;
				BUNDLE_LOADER = "$(TEST_HOST)";
				CODE_SIGN_STYLE = Automatic;
				INFOPLIST_FILE = StudyPadTests/Info.plist;
				LD_RUNPATH_SEARCH_PATHS = (
					"$(inherited)",
					"@executable_path/Frameworks",
					"@loader_path/Frameworks",
				);
				PRODUCT_BUNDLE_IDENTIFIER = cz.levinzonr.StudyPadTests;
				PRODUCT_NAME = "$(TARGET_NAME)";
				SWIFT_VERSION = 4.2;
				TARGETED_DEVICE_FAMILY = "1,2";
				TEST_HOST = "$(BUILT_PRODUCTS_DIR)/StudyPad.app/StudyPad";
			};
			name = Debug;
		};
		9530FC7821EA4B2A004DD256 /* Release */ = {
			isa = XCBuildConfiguration;
			baseConfigurationReference = 3B9298F618126F63FE3D7F5C /* Pods-StudyPadTests.release.xcconfig */;
			buildSettings = {
				ALWAYS_EMBED_SWIFT_STANDARD_LIBRARIES = YES;
				BUNDLE_LOADER = "$(TEST_HOST)";
				CODE_SIGN_STYLE = Automatic;
				INFOPLIST_FILE = StudyPadTests/Info.plist;
				LD_RUNPATH_SEARCH_PATHS = (
					"$(inherited)",
					"@executable_path/Frameworks",
					"@loader_path/Frameworks",
				);
				PRODUCT_BUNDLE_IDENTIFIER = cz.levinzonr.StudyPadTests;
				PRODUCT_NAME = "$(TARGET_NAME)";
				SWIFT_VERSION = 4.2;
				TARGETED_DEVICE_FAMILY = "1,2";
				TEST_HOST = "$(BUILT_PRODUCTS_DIR)/StudyPad.app/StudyPad";
			};
			name = Release;
		};
		9530FC7A21EA4B2A004DD256 /* Debug */ = {
			isa = XCBuildConfiguration;
			baseConfigurationReference = D478DB767903BAE8302B9A5E /* Pods-StudyPadUITests.debug.xcconfig */;
			buildSettings = {
				ALWAYS_EMBED_SWIFT_STANDARD_LIBRARIES = YES;
				CODE_SIGN_STYLE = Automatic;
				INFOPLIST_FILE = StudyPadUITests/Info.plist;
				LD_RUNPATH_SEARCH_PATHS = (
					"$(inherited)",
					"@executable_path/Frameworks",
					"@loader_path/Frameworks",
				);
				PRODUCT_BUNDLE_IDENTIFIER = cz.levinzonr.StudyPadUITests;
				PRODUCT_NAME = "$(TARGET_NAME)";
				SWIFT_VERSION = 4.2;
				TARGETED_DEVICE_FAMILY = "1,2";
				TEST_TARGET_NAME = StudyPad;
			};
			name = Debug;
		};
		9530FC7B21EA4B2A004DD256 /* Release */ = {
			isa = XCBuildConfiguration;
			baseConfigurationReference = 6506F9A755856C6FF723BAC0 /* Pods-StudyPadUITests.release.xcconfig */;
			buildSettings = {
				ALWAYS_EMBED_SWIFT_STANDARD_LIBRARIES = YES;
				CODE_SIGN_STYLE = Automatic;
				INFOPLIST_FILE = StudyPadUITests/Info.plist;
				LD_RUNPATH_SEARCH_PATHS = (
					"$(inherited)",
					"@executable_path/Frameworks",
					"@loader_path/Frameworks",
				);
				PRODUCT_BUNDLE_IDENTIFIER = cz.levinzonr.StudyPadUITests;
				PRODUCT_NAME = "$(TARGET_NAME)";
				SWIFT_VERSION = 4.2;
				TARGETED_DEVICE_FAMILY = "1,2";
				TEST_TARGET_NAME = StudyPad;
			};
			name = Release;
		};
/* End XCBuildConfiguration section */

/* Begin XCConfigurationList section */
		9530FC4621EA4B27004DD256 /* Build configuration list for PBXProject "StudyPad" */ = {
			isa = XCConfigurationList;
			buildConfigurations = (
				9530FC7121EA4B2A004DD256 /* Debug */,
				9530FC7221EA4B2A004DD256 /* Release */,
			);
			defaultConfigurationIsVisible = 0;
			defaultConfigurationName = Release;
		};
		9530FC7321EA4B2A004DD256 /* Build configuration list for PBXNativeTarget "StudyPad" */ = {
			isa = XCConfigurationList;
			buildConfigurations = (
				9530FC7421EA4B2A004DD256 /* Debug */,
				9530FC7521EA4B2A004DD256 /* Release */,
			);
			defaultConfigurationIsVisible = 0;
			defaultConfigurationName = Release;
		};
		9530FC7621EA4B2A004DD256 /* Build configuration list for PBXNativeTarget "StudyPadTests" */ = {
			isa = XCConfigurationList;
			buildConfigurations = (
				9530FC7721EA4B2A004DD256 /* Debug */,
				9530FC7821EA4B2A004DD256 /* Release */,
			);
			defaultConfigurationIsVisible = 0;
			defaultConfigurationName = Release;
		};
		9530FC7921EA4B2A004DD256 /* Build configuration list for PBXNativeTarget "StudyPadUITests" */ = {
			isa = XCConfigurationList;
			buildConfigurations = (
				9530FC7A21EA4B2A004DD256 /* Debug */,
				9530FC7B21EA4B2A004DD256 /* Release */,
			);
			defaultConfigurationIsVisible = 0;
			defaultConfigurationName = Release;
		};
/* End XCConfigurationList section */
	};
	rootObject = 9530FC4321EA4B27004DD256 /* Project object */;
}
